// !$*UTF8*$!
{
	archiveVersion = 1;
	classes = {
	};
	objectVersion = 56;
	objects = {

/* Begin PBXBuildFile section */
		2E3305A92AF85F3C00F5F6F5 /* GeoLayerAnnotation.swift in Sources */ = {isa = PBXBuildFile; fileRef = 2E3305A82AF85F3C00F5F6F5 /* GeoLayerAnnotation.swift */; };
		2E3305AB2AF86F2C00F5F6F5 /* GeoPolygon.swift in Sources */ = {isa = PBXBuildFile; fileRef = 2E3305AA2AF86F2C00F5F6F5 /* GeoPolygon.swift */; };
		2E3305AD2AF9566000F5F6F5 /* GeoMultiPolygon.swift in Sources */ = {isa = PBXBuildFile; fileRef = 2E3305AC2AF9566000F5F6F5 /* GeoMultiPolygon.swift */; };
		2E3305B32AF99E7F00F5F6F5 /* GeoMultiPolyline.swift in Sources */ = {isa = PBXBuildFile; fileRef = 2E3305B22AF99E7F00F5F6F5 /* GeoMultiPolyline.swift */; };
		2E59AB312A95B6DA0064F50E /* WindowController.swift in Sources */ = {isa = PBXBuildFile; fileRef = 2E59AB302A95B6DA0064F50E /* WindowController.swift */; };
		2ECCEAF42A9436C0005785FA /* AppDelegate.swift in Sources */ = {isa = PBXBuildFile; fileRef = 2ECCEAF32A9436C0005785FA /* AppDelegate.swift */; };
		2ECCEAF62A9436C0005785FA /* ViewController.swift in Sources */ = {isa = PBXBuildFile; fileRef = 2ECCEAF52A9436C0005785FA /* ViewController.swift */; };
		2ECCEAF82A9436C0005785FA /* Document.swift in Sources */ = {isa = PBXBuildFile; fileRef = 2ECCEAF72A9436C0005785FA /* Document.swift */; };
		2ECCEAFB2A9436C0005785FA /* Document.xcdatamodeld in Sources */ = {isa = PBXBuildFile; fileRef = 2ECCEAF92A9436C0005785FA /* Document.xcdatamodeld */; };
		2ECCEB002A9436C4005785FA /* Main.storyboard in Resources */ = {isa = PBXBuildFile; fileRef = 2ECCEAFE2A9436C4005785FA /* Main.storyboard */; };
		2EDAC9752AFC3B0C001DBF88 /* GeoCircle.swift in Sources */ = {isa = PBXBuildFile; fileRef = 2EDAC9742AFC3B0C001DBF88 /* GeoCircle.swift */; };
		2EDAC9772AFC403C001DBF88 /* GeoFeature.swift in Sources */ = {isa = PBXBuildFile; fileRef = 2EDAC9762AFC403C001DBF88 /* GeoFeature.swift */; };
		2EDAC9792AFC424C001DBF88 /* GeoLayer.swift in Sources */ = {isa = PBXBuildFile; fileRef = 2EDAC9782AFC424C001DBF88 /* GeoLayer.swift */; };
		2EDAC97B2AFC4779001DBF88 /* GeoPointAnnotation.swift in Sources */ = {isa = PBXBuildFile; fileRef = 2EDAC97A2AFC4779001DBF88 /* GeoPointAnnotation.swift */; };
		2EDAC97F2AFD95E7001DBF88 /* MapCenter.swift in Sources */ = {isa = PBXBuildFile; fileRef = 2EDAC97E2AFD95E7001DBF88 /* MapCenter.swift */; };
		2EDAC9842AFEF515001DBF88 /* GeoGeodesicPolyline.swift in Sources */ = {isa = PBXBuildFile; fileRef = 2EDAC9832AFEF515001DBF88 /* GeoGeodesicPolyline.swift */; };
		2EDAC9862AFEF568001DBF88 /* GeoPolyline.swift in Sources */ = {isa = PBXBuildFile; fileRef = 2EDAC9852AFEF568001DBF88 /* GeoPolyline.swift */; };
		2EDAC98A2AFEF5C9001DBF88 /* GeoMultiPoint.swift in Sources */ = {isa = PBXBuildFile; fileRef = 2EDAC9892AFEF5C9001DBF88 /* GeoMultiPoint.swift */; };
		2EDAC98E2AFEF632001DBF88 /* GeoObject.swift in Sources */ = {isa = PBXBuildFile; fileRef = 2EDAC98D2AFEF632001DBF88 /* GeoObject.swift */; };
		2EDAC9902AFEF6E8001DBF88 /* Transformers.swift in Sources */ = {isa = PBXBuildFile; fileRef = 2EDAC98F2AFEF6E8001DBF88 /* Transformers.swift */; };
		2EDAC9922B02EC99001DBF88 /* GeoFeatureAnnotation.swift in Sources */ = {isa = PBXBuildFile; fileRef = 2EDAC9912B02EC99001DBF88 /* GeoFeatureAnnotation.swift */; };
		2EDAC9942B040069001DBF88 /* CLLocationCoordinate2D+Codable.swift in Sources */ = {isa = PBXBuildFile; fileRef = 2EDAC9932B040069001DBF88 /* CLLocationCoordinate2D+Codable.swift */; };
		2EDAC9962B04297E001DBF88 /* GeoOverlayShape.swift in Sources */ = {isa = PBXBuildFile; fileRef = 2EDAC9952B04297E001DBF88 /* GeoOverlayShape.swift */; };
		2EDAC99A2B055C46001DBF88 /* BinaryCodable in Frameworks */ = {isa = PBXBuildFile; productRef = 2EDAC9992B055C46001DBF88 /* BinaryCodable */; };
		2EDAC99C2B056655001DBF88 /* GeoObjectFactory.swift in Sources */ = {isa = PBXBuildFile; fileRef = 2EDAC99B2B056655001DBF88 /* GeoObjectFactory.swift */; };
		2EDAC99E2B05A5A3001DBF88 /* GeoLayerOverlay.swift in Sources */ = {isa = PBXBuildFile; fileRef = 2EDAC99D2B05A5A3001DBF88 /* GeoLayerOverlay.swift */; };
		2EDAC9A02B05A5B7001DBF88 /* GeoFeatureOverlay.swift in Sources */ = {isa = PBXBuildFile; fileRef = 2EDAC99F2B05A5B7001DBF88 /* GeoFeatureOverlay.swift */; };
		2EF0D11D2A983E6E0018E70D /* Assets.xcassets in Resources */ = {isa = PBXBuildFile; fileRef = 2EF0D11C2A983E6E0018E70D /* Assets.xcassets */; };
		2EF33E662ADF0077004C750F /* GeoFeatures in Frameworks */ = {isa = PBXBuildFile; productRef = 2EF33E652ADF0077004C750F /* GeoFeatures */; };
/* End PBXBuildFile section */

/* Begin PBXFileReference section */
		2E3305A82AF85F3C00F5F6F5 /* GeoLayerAnnotation.swift */ = {isa = PBXFileReference; lastKnownFileType = sourcecode.swift; path = GeoLayerAnnotation.swift; sourceTree = "<group>"; };
		2E3305AA2AF86F2C00F5F6F5 /* GeoPolygon.swift */ = {isa = PBXFileReference; lastKnownFileType = sourcecode.swift; path = GeoPolygon.swift; sourceTree = "<group>"; };
		2E3305AC2AF9566000F5F6F5 /* GeoMultiPolygon.swift */ = {isa = PBXFileReference; lastKnownFileType = sourcecode.swift; path = GeoMultiPolygon.swift; sourceTree = "<group>"; };
		2E3305B22AF99E7F00F5F6F5 /* GeoMultiPolyline.swift */ = {isa = PBXFileReference; lastKnownFileType = sourcecode.swift; path = GeoMultiPolyline.swift; sourceTree = "<group>"; };
		2E59AB302A95B6DA0064F50E /* WindowController.swift */ = {isa = PBXFileReference; fileEncoding = 4; lastKnownFileType = sourcecode.swift; path = WindowController.swift; sourceTree = "<group>"; };
		2ECCEAF02A9436C0005785FA /* Georg.app */ = {isa = PBXFileReference; explicitFileType = wrapper.application; includeInIndex = 0; path = Georg.app; sourceTree = BUILT_PRODUCTS_DIR; };
		2ECCEAF32A9436C0005785FA /* AppDelegate.swift */ = {isa = PBXFileReference; lastKnownFileType = sourcecode.swift; path = AppDelegate.swift; sourceTree = "<group>"; };
		2ECCEAF52A9436C0005785FA /* ViewController.swift */ = {isa = PBXFileReference; lastKnownFileType = sourcecode.swift; path = ViewController.swift; sourceTree = "<group>"; };
		2ECCEAF72A9436C0005785FA /* Document.swift */ = {isa = PBXFileReference; lastKnownFileType = sourcecode.swift; path = Document.swift; sourceTree = "<group>"; };
		2ECCEAFA2A9436C0005785FA /* Document.xcdatamodel */ = {isa = PBXFileReference; lastKnownFileType = wrapper.xcdatamodel; path = Document.xcdatamodel; sourceTree = "<group>"; };
		2ECCEAFF2A9436C4005785FA /* Base */ = {isa = PBXFileReference; lastKnownFileType = file.storyboard; name = Base; path = Base.lproj/Main.storyboard; sourceTree = "<group>"; };
		2ECCEB012A9436C4005785FA /* Info.plist */ = {isa = PBXFileReference; lastKnownFileType = text.plist.xml; path = Info.plist; sourceTree = "<group>"; };
		2ECCEB022A9436C4005785FA /* Georg.entitlements */ = {isa = PBXFileReference; lastKnownFileType = text.plist.entitlements; path = Georg.entitlements; sourceTree = "<group>"; };
		2EDAC9742AFC3B0C001DBF88 /* GeoCircle.swift */ = {isa = PBXFileReference; lastKnownFileType = sourcecode.swift; path = GeoCircle.swift; sourceTree = "<group>"; };
		2EDAC9762AFC403C001DBF88 /* GeoFeature.swift */ = {isa = PBXFileReference; lastKnownFileType = sourcecode.swift; path = GeoFeature.swift; sourceTree = "<group>"; };
		2EDAC9782AFC424C001DBF88 /* GeoLayer.swift */ = {isa = PBXFileReference; lastKnownFileType = sourcecode.swift; path = GeoLayer.swift; sourceTree = "<group>"; };
		2EDAC97A2AFC4779001DBF88 /* GeoPointAnnotation.swift */ = {isa = PBXFileReference; lastKnownFileType = sourcecode.swift; path = GeoPointAnnotation.swift; sourceTree = "<group>"; };
		2EDAC97C2AFCD1ED001DBF88 /* GeoCoordinate.swift */ = {isa = PBXFileReference; lastKnownFileType = sourcecode.swift; path = GeoCoordinate.swift; sourceTree = "<group>"; };
		2EDAC97E2AFD95E7001DBF88 /* MapCenter.swift */ = {isa = PBXFileReference; lastKnownFileType = sourcecode.swift; path = MapCenter.swift; sourceTree = "<group>"; };
		2EDAC9832AFEF515001DBF88 /* GeoGeodesicPolyline.swift */ = {isa = PBXFileReference; lastKnownFileType = sourcecode.swift; path = GeoGeodesicPolyline.swift; sourceTree = "<group>"; };
		2EDAC9852AFEF568001DBF88 /* GeoPolyline.swift */ = {isa = PBXFileReference; lastKnownFileType = sourcecode.swift; path = GeoPolyline.swift; sourceTree = "<group>"; };
		2EDAC9892AFEF5C9001DBF88 /* GeoMultiPoint.swift */ = {isa = PBXFileReference; lastKnownFileType = sourcecode.swift; path = GeoMultiPoint.swift; sourceTree = "<group>"; };
		2EDAC98D2AFEF632001DBF88 /* GeoObject.swift */ = {isa = PBXFileReference; lastKnownFileType = sourcecode.swift; path = GeoObject.swift; sourceTree = "<group>"; };
		2EDAC98F2AFEF6E8001DBF88 /* Transformers.swift */ = {isa = PBXFileReference; lastKnownFileType = sourcecode.swift; path = Transformers.swift; sourceTree = "<group>"; };
		2EDAC9912B02EC99001DBF88 /* GeoFeatureAnnotation.swift */ = {isa = PBXFileReference; fileEncoding = 4; lastKnownFileType = sourcecode.swift; name = GeoFeatureAnnotation.swift; path = "src/Entity Classes/GeoFeatureAnnotation.swift"; sourceTree = SOURCE_ROOT; };
		2EDAC9932B040069001DBF88 /* CLLocationCoordinate2D+Codable.swift */ = {isa = PBXFileReference; lastKnownFileType = sourcecode.swift; path = "CLLocationCoordinate2D+Codable.swift"; sourceTree = "<group>"; };
		2EDAC9952B04297E001DBF88 /* GeoOverlayShape.swift */ = {isa = PBXFileReference; lastKnownFileType = sourcecode.swift; path = GeoOverlayShape.swift; sourceTree = "<group>"; };
		2EDAC99B2B056655001DBF88 /* GeoObjectFactory.swift */ = {isa = PBXFileReference; lastKnownFileType = sourcecode.swift; path = GeoObjectFactory.swift; sourceTree = "<group>"; };
		2EDAC99D2B05A5A3001DBF88 /* GeoLayerOverlay.swift */ = {isa = PBXFileReference; lastKnownFileType = sourcecode.swift; path = GeoLayerOverlay.swift; sourceTree = "<group>"; };
		2EDAC99F2B05A5B7001DBF88 /* GeoFeatureOverlay.swift */ = {isa = PBXFileReference; lastKnownFileType = sourcecode.swift; path = GeoFeatureOverlay.swift; sourceTree = "<group>"; };
		2EDD8F3E2ADE6AF20036F429 /* GeoFeatures */ = {isa = PBXFileReference; lastKnownFileType = wrapper; path = GeoFeatures; sourceTree = "<group>"; };
		2EF0D1192A9828740018E70D /* README.md */ = {isa = PBXFileReference; lastKnownFileType = net.daringfireball.markdown; path = README.md; sourceTree = "<group>"; };
		2EF0D11A2A9829690018E70D /* COPYING.md */ = {isa = PBXFileReference; lastKnownFileType = net.daringfireball.markdown; path = COPYING.md; sourceTree = "<group>"; };
		2EF0D11B2A9829690018E70D /* LICENSE.md */ = {isa = PBXFileReference; lastKnownFileType = net.daringfireball.markdown; path = LICENSE.md; sourceTree = "<group>"; };
		2EF0D11C2A983E6E0018E70D /* Assets.xcassets */ = {isa = PBXFileReference; lastKnownFileType = folder.assetcatalog; path = Assets.xcassets; sourceTree = "<group>"; };
/* End PBXFileReference section */

/* Begin PBXFrameworksBuildPhase section */
		2ECCEAED2A9436C0005785FA /* Frameworks */ = {
			isa = PBXFrameworksBuildPhase;
			buildActionMask = 2147483647;
			files = (
				2EDAC99A2B055C46001DBF88 /* BinaryCodable in Frameworks */,
				2EF33E662ADF0077004C750F /* GeoFeatures in Frameworks */,
			);
			runOnlyForDeploymentPostprocessing = 0;
		};
/* End PBXFrameworksBuildPhase section */

/* Begin PBXGroup section */
		2ECCEAE72A9436C0005785FA = {
			isa = PBXGroup;
			children = (
				2EDD8F3E2ADE6AF20036F429 /* GeoFeatures */,
				2EF0D11A2A9829690018E70D /* COPYING.md */,
				2EF0D11B2A9829690018E70D /* LICENSE.md */,
				2EF0D1192A9828740018E70D /* README.md */,
				2ECCEAF22A9436C0005785FA /* src */,
				2ECCEAF12A9436C0005785FA /* Products */,
				2EF33E642ADF0077004C750F /* Frameworks */,
			);
			sourceTree = "<group>";
		};
		2ECCEAF12A9436C0005785FA /* Products */ = {
			isa = PBXGroup;
			children = (
				2ECCEAF02A9436C0005785FA /* Georg.app */,
			);
			name = Products;
			sourceTree = "<group>";
		};
		2ECCEAF22A9436C0005785FA /* src */ = {
			isa = PBXGroup;
			children = (
				2EDAC9972B0433D3001DBF88 /* Entity Classes */,
				2EDAC9822AFEF3FC001DBF88 /* GeoFeatures */,
				2ECCEAF32A9436C0005785FA /* AppDelegate.swift */,
				2ECCEAF52A9436C0005785FA /* ViewController.swift */,
				2ECCEAF72A9436C0005785FA /* Document.swift */,
				2E59AB302A95B6DA0064F50E /* WindowController.swift */,
				2EF0D11C2A983E6E0018E70D /* Assets.xcassets */,
				2ECCEAFE2A9436C4005785FA /* Main.storyboard */,
				2ECCEB012A9436C4005785FA /* Info.plist */,
				2ECCEB022A9436C4005785FA /* Georg.entitlements */,
				2ECCEAF92A9436C0005785FA /* Document.xcdatamodeld */,
			);
			path = src;
			sourceTree = "<group>";
		};
		2EDAC9822AFEF3FC001DBF88 /* GeoFeatures */ = {
			isa = PBXGroup;
			children = (
				2EDAC98D2AFEF632001DBF88 /* GeoObject.swift */,
				2EDAC97A2AFC4779001DBF88 /* GeoPointAnnotation.swift */,
				2EDAC9952B04297E001DBF88 /* GeoOverlayShape.swift */,
				2EDAC9742AFC3B0C001DBF88 /* GeoCircle.swift */,
				2EDAC9892AFEF5C9001DBF88 /* GeoMultiPoint.swift */,
				2EDAC9852AFEF568001DBF88 /* GeoPolyline.swift */,
				2EDAC9832AFEF515001DBF88 /* GeoGeodesicPolyline.swift */,
				2E3305AA2AF86F2C00F5F6F5 /* GeoPolygon.swift */,
				2E3305AC2AF9566000F5F6F5 /* GeoMultiPolygon.swift */,
				2E3305B22AF99E7F00F5F6F5 /* GeoMultiPolyline.swift */,
				2EDAC9932B040069001DBF88 /* CLLocationCoordinate2D+Codable.swift */,
				2EDAC97C2AFCD1ED001DBF88 /* GeoCoordinate.swift */,
				2EDAC99B2B056655001DBF88 /* GeoObjectFactory.swift */,
			);
			path = GeoFeatures;
			sourceTree = "<group>";
		};
		2EDAC9972B0433D3001DBF88 /* Entity Classes */ = {
			isa = PBXGroup;
			children = (
				2EDAC9782AFC424C001DBF88 /* GeoLayer.swift */,
				2EDAC9762AFC403C001DBF88 /* GeoFeature.swift */,
				2EDAC9912B02EC99001DBF88 /* GeoFeatureAnnotation.swift */,
				2E3305A82AF85F3C00F5F6F5 /* GeoLayerAnnotation.swift */,
				2EDAC99D2B05A5A3001DBF88 /* GeoLayerOverlay.swift */,
				2EDAC99F2B05A5B7001DBF88 /* GeoFeatureOverlay.swift */,
				2EDAC97E2AFD95E7001DBF88 /* MapCenter.swift */,
				2EDAC98F2AFEF6E8001DBF88 /* Transformers.swift */,
			);
			path = "Entity Classes";
			sourceTree = "<group>";
		};
		2EF33E642ADF0077004C750F /* Frameworks */ = {
			isa = PBXGroup;
			children = (
			);
			name = Frameworks;
			sourceTree = "<group>";
		};
/* End PBXGroup section */

/* Begin PBXNativeTarget section */
		2ECCEAEF2A9436C0005785FA /* Georg */ = {
			isa = PBXNativeTarget;
			buildConfigurationList = 2ECCEB052A9436C4005785FA /* Build configuration list for PBXNativeTarget "Georg" */;
			buildPhases = (
				2ECCEAEC2A9436C0005785FA /* Sources */,
				2ECCEAED2A9436C0005785FA /* Frameworks */,
				2ECCEAEE2A9436C0005785FA /* Resources */,
			);
			buildRules = (
			);
			dependencies = (
			);
			name = Georg;
			packageProductDependencies = (
				2EF33E652ADF0077004C750F /* GeoFeatures */,
				2EDAC9992B055C46001DBF88 /* BinaryCodable */,
			);
			productName = DocbasedApp;
			productReference = 2ECCEAF02A9436C0005785FA /* Georg.app */;
			productType = "com.apple.product-type.application";
		};
/* End PBXNativeTarget section */

/* Begin PBXProject section */
		2ECCEAE82A9436C0005785FA /* Project object */ = {
			isa = PBXProject;
			attributes = {
				BuildIndependentTargetsInParallel = 1;
				LastSwiftUpdateCheck = 1430;
				LastUpgradeCheck = 1500;
				TargetAttributes = {
					2ECCEAEF2A9436C0005785FA = {
						CreatedOnToolsVersion = 14.3.1;
					};
				};
			};
			buildConfigurationList = 2ECCEAEB2A9436C0005785FA /* Build configuration list for PBXProject "Georg" */;
			compatibilityVersion = "Xcode 14.0";
			developmentRegion = en;
			hasScannedForEncodings = 0;
			knownRegions = (
				en,
				Base,
			);
			mainGroup = 2ECCEAE72A9436C0005785FA;
			packageReferences = (
				2EDAC9982B055C46001DBF88 /* XCRemoteSwiftPackageReference "BinaryCodable" */,
			);
			productRefGroup = 2ECCEAF12A9436C0005785FA /* Products */;
			projectDirPath = "";
			projectRoot = "";
			targets = (
				2ECCEAEF2A9436C0005785FA /* Georg */,
			);
		};
/* End PBXProject section */

/* Begin PBXResourcesBuildPhase section */
		2ECCEAEE2A9436C0005785FA /* Resources */ = {
			isa = PBXResourcesBuildPhase;
			buildActionMask = 2147483647;
			files = (
				2EF0D11D2A983E6E0018E70D /* Assets.xcassets in Resources */,
				2ECCEB002A9436C4005785FA /* Main.storyboard in Resources */,
			);
			runOnlyForDeploymentPostprocessing = 0;
		};
/* End PBXResourcesBuildPhase section */

/* Begin PBXSourcesBuildPhase section */
		2ECCEAEC2A9436C0005785FA /* Sources */ = {
			isa = PBXSourcesBuildPhase;
			buildActionMask = 2147483647;
			files = (
				2EDAC9772AFC403C001DBF88 /* GeoFeature.swift in Sources */,
				2EDAC9792AFC424C001DBF88 /* GeoLayer.swift in Sources */,
				2EDAC9942B040069001DBF88 /* CLLocationCoordinate2D+Codable.swift in Sources */,
				2EDAC99E2B05A5A3001DBF88 /* GeoLayerOverlay.swift in Sources */,
				2EDAC99C2B056655001DBF88 /* GeoObjectFactory.swift in Sources */,
				2ECCEAFB2A9436C0005785FA /* Document.xcdatamodeld in Sources */,
				2EDAC9752AFC3B0C001DBF88 /* GeoCircle.swift in Sources */,
				2E3305AD2AF9566000F5F6F5 /* GeoMultiPolygon.swift in Sources */,
				2E3305A92AF85F3C00F5F6F5 /* GeoLayerAnnotation.swift in Sources */,
				2E59AB312A95B6DA0064F50E /* WindowController.swift in Sources */,
				2EDAC9902AFEF6E8001DBF88 /* Transformers.swift in Sources */,
				2EDAC97F2AFD95E7001DBF88 /* MapCenter.swift in Sources */,
				2EDAC9842AFEF515001DBF88 /* GeoGeodesicPolyline.swift in Sources */,
				2EDAC9922B02EC99001DBF88 /* GeoFeatureAnnotation.swift in Sources */,
				2ECCEAF62A9436C0005785FA /* ViewController.swift in Sources */,
				2EDAC9962B04297E001DBF88 /* GeoOverlayShape.swift in Sources */,
				2ECCEAF42A9436C0005785FA /* AppDelegate.swift in Sources */,
				2EDAC9862AFEF568001DBF88 /* GeoPolyline.swift in Sources */,
				2EDAC9A02B05A5B7001DBF88 /* GeoFeatureOverlay.swift in Sources */,
				2E3305AB2AF86F2C00F5F6F5 /* GeoPolygon.swift in Sources */,
				2EDAC97B2AFC4779001DBF88 /* GeoPointAnnotation.swift in Sources */,
				2ECCEAF82A9436C0005785FA /* Document.swift in Sources */,
				2EDAC98E2AFEF632001DBF88 /* GeoObject.swift in Sources */,
				2EDAC98A2AFEF5C9001DBF88 /* GeoMultiPoint.swift in Sources */,
				2E3305B32AF99E7F00F5F6F5 /* GeoMultiPolyline.swift in Sources */,
			);
			runOnlyForDeploymentPostprocessing = 0;
		};
/* End PBXSourcesBuildPhase section */

/* Begin PBXVariantGroup section */
		2ECCEAFE2A9436C4005785FA /* Main.storyboard */ = {
			isa = PBXVariantGroup;
			children = (
				2ECCEAFF2A9436C4005785FA /* Base */,
			);
			name = Main.storyboard;
			sourceTree = "<group>";
		};
/* End PBXVariantGroup section */

/* Begin XCBuildConfiguration section */
		2ECCEB032A9436C4005785FA /* Debug */ = {
			isa = XCBuildConfiguration;
			buildSettings = {
				ALWAYS_SEARCH_USER_PATHS = NO;
				ASSETCATALOG_COMPILER_GENERATE_SWIFT_ASSET_SYMBOL_EXTENSIONS = YES;
				CLANG_ANALYZER_NONNULL = YES;
				CLANG_ANALYZER_NUMBER_OBJECT_CONVERSION = YES_AGGRESSIVE;
				CLANG_CXX_LANGUAGE_STANDARD = "gnu++20";
				CLANG_ENABLE_MODULES = YES;
				CLANG_ENABLE_OBJC_ARC = YES;
				CLANG_ENABLE_OBJC_WEAK = YES;
				CLANG_WARN_BLOCK_CAPTURE_AUTORELEASING = YES;
				CLANG_WARN_BOOL_CONVERSION = YES;
				CLANG_WARN_COMMA = YES;
				CLANG_WARN_CONSTANT_CONVERSION = YES;
				CLANG_WARN_DEPRECATED_OBJC_IMPLEMENTATIONS = YES;
				CLANG_WARN_DIRECT_OBJC_ISA_USAGE = YES_ERROR;
				CLANG_WARN_DOCUMENTATION_COMMENTS = YES;
				CLANG_WARN_EMPTY_BODY = YES;
				CLANG_WARN_ENUM_CONVERSION = YES;
				CLANG_WARN_INFINITE_RECURSION = YES;
				CLANG_WARN_INT_CONVERSION = YES;
				CLANG_WARN_NON_LITERAL_NULL_CONVERSION = YES;
				CLANG_WARN_OBJC_IMPLICIT_RETAIN_SELF = YES;
				CLANG_WARN_OBJC_LITERAL_CONVERSION = YES;
				CLANG_WARN_OBJC_ROOT_CLASS = YES_ERROR;
				CLANG_WARN_QUOTED_INCLUDE_IN_FRAMEWORK_HEADER = YES;
				CLANG_WARN_RANGE_LOOP_ANALYSIS = YES;
				CLANG_WARN_STRICT_PROTOTYPES = YES;
				CLANG_WARN_SUSPICIOUS_MOVE = YES;
				CLANG_WARN_UNGUARDED_AVAILABILITY = YES_AGGRESSIVE;
				CLANG_WARN_UNREACHABLE_CODE = YES;
				CLANG_WARN__DUPLICATE_METHOD_MATCH = YES;
				COPY_PHASE_STRIP = NO;
				DEAD_CODE_STRIPPING = YES;
				DEBUG_INFORMATION_FORMAT = dwarf;
				ENABLE_STRICT_OBJC_MSGSEND = YES;
				ENABLE_TESTABILITY = YES;
				ENABLE_USER_SCRIPT_SANDBOXING = YES;
				GCC_C_LANGUAGE_STANDARD = gnu11;
				GCC_DYNAMIC_NO_PIC = NO;
				GCC_NO_COMMON_BLOCKS = YES;
				GCC_OPTIMIZATION_LEVEL = 0;
				GCC_PREPROCESSOR_DEFINITIONS = (
					"DEBUG=1",
					"$(inherited)",
				);
				GCC_WARN_64_TO_32_BIT_CONVERSION = YES;
				GCC_WARN_ABOUT_RETURN_TYPE = YES_ERROR;
				GCC_WARN_UNDECLARED_SELECTOR = YES;
				GCC_WARN_UNINITIALIZED_AUTOS = YES_AGGRESSIVE;
				GCC_WARN_UNUSED_FUNCTION = YES;
				GCC_WARN_UNUSED_VARIABLE = YES;
				MACOSX_DEPLOYMENT_TARGET = 11.0;
				MTL_ENABLE_DEBUG_INFO = INCLUDE_SOURCE;
				MTL_FAST_MATH = YES;
				ONLY_ACTIVE_ARCH = YES;
				SDKROOT = macosx;
				SWIFT_ACTIVE_COMPILATION_CONDITIONS = DEBUG;
				SWIFT_OPTIMIZATION_LEVEL = "-Onone";
			};
			name = Debug;
		};
		2ECCEB042A9436C4005785FA /* Release */ = {
			isa = XCBuildConfiguration;
			buildSettings = {
				ALWAYS_SEARCH_USER_PATHS = NO;
				ASSETCATALOG_COMPILER_GENERATE_SWIFT_ASSET_SYMBOL_EXTENSIONS = YES;
				CLANG_ANALYZER_NONNULL = YES;
				CLANG_ANALYZER_NUMBER_OBJECT_CONVERSION = YES_AGGRESSIVE;
				CLANG_CXX_LANGUAGE_STANDARD = "gnu++20";
				CLANG_ENABLE_MODULES = YES;
				CLANG_ENABLE_OBJC_ARC = YES;
				CLANG_ENABLE_OBJC_WEAK = YES;
				CLANG_WARN_BLOCK_CAPTURE_AUTORELEASING = YES;
				CLANG_WARN_BOOL_CONVERSION = YES;
				CLANG_WARN_COMMA = YES;
				CLANG_WARN_CONSTANT_CONVERSION = YES;
				CLANG_WARN_DEPRECATED_OBJC_IMPLEMENTATIONS = YES;
				CLANG_WARN_DIRECT_OBJC_ISA_USAGE = YES_ERROR;
				CLANG_WARN_DOCUMENTATION_COMMENTS = YES;
				CLANG_WARN_EMPTY_BODY = YES;
				CLANG_WARN_ENUM_CONVERSION = YES;
				CLANG_WARN_INFINITE_RECURSION = YES;
				CLANG_WARN_INT_CONVERSION = YES;
				CLANG_WARN_NON_LITERAL_NULL_CONVERSION = YES;
				CLANG_WARN_OBJC_IMPLICIT_RETAIN_SELF = YES;
				CLANG_WARN_OBJC_LITERAL_CONVERSION = YES;
				CLANG_WARN_OBJC_ROOT_CLASS = YES_ERROR;
				CLANG_WARN_QUOTED_INCLUDE_IN_FRAMEWORK_HEADER = YES;
				CLANG_WARN_RANGE_LOOP_ANALYSIS = YES;
				CLANG_WARN_STRICT_PROTOTYPES = YES;
				CLANG_WARN_SUSPICIOUS_MOVE = YES;
				CLANG_WARN_UNGUARDED_AVAILABILITY = YES_AGGRESSIVE;
				CLANG_WARN_UNREACHABLE_CODE = YES;
				CLANG_WARN__DUPLICATE_METHOD_MATCH = YES;
				COPY_PHASE_STRIP = NO;
				DEAD_CODE_STRIPPING = YES;
				DEBUG_INFORMATION_FORMAT = "dwarf-with-dsym";
				ENABLE_NS_ASSERTIONS = NO;
				ENABLE_STRICT_OBJC_MSGSEND = YES;
				ENABLE_USER_SCRIPT_SANDBOXING = YES;
				GCC_C_LANGUAGE_STANDARD = gnu11;
				GCC_NO_COMMON_BLOCKS = YES;
				GCC_WARN_64_TO_32_BIT_CONVERSION = YES;
				GCC_WARN_ABOUT_RETURN_TYPE = YES_ERROR;
				GCC_WARN_UNDECLARED_SELECTOR = YES;
				GCC_WARN_UNINITIALIZED_AUTOS = YES_AGGRESSIVE;
				GCC_WARN_UNUSED_FUNCTION = YES;
				GCC_WARN_UNUSED_VARIABLE = YES;
				MACOSX_DEPLOYMENT_TARGET = 11.0;
				MTL_ENABLE_DEBUG_INFO = NO;
				MTL_FAST_MATH = YES;
				SDKROOT = macosx;
				SWIFT_COMPILATION_MODE = wholemodule;
				SWIFT_OPTIMIZATION_LEVEL = "-O";
			};
			name = Release;
		};
		2ECCEB062A9436C4005785FA /* Debug */ = {
			isa = XCBuildConfiguration;
			buildSettings = {
				ASSETCATALOG_COMPILER_APPICON_NAME = AppIcon;
				ASSETCATALOG_COMPILER_GLOBAL_ACCENT_COLOR_NAME = AccentColor;
				ASSETCATALOG_COMPILER_INCLUDE_ALL_APPICON_ASSETS = YES;
				CODE_SIGN_ENTITLEMENTS = src/Georg.entitlements;
				"CODE_SIGN_IDENTITY[sdk=macosx*]" = "Apple Development";
				CODE_SIGN_STYLE = Automatic;
				COMBINE_HIDPI_IMAGES = YES;
				CURRENT_PROJECT_VERSION = 1;
				DEAD_CODE_STRIPPING = YES;
				DEVELOPMENT_TEAM = MYU6NE7WY6;
				ENABLE_HARDENED_RUNTIME = YES;
				GENERATE_INFOPLIST_FILE = YES;
				INFOPLIST_FILE = src/Info.plist;
				INFOPLIST_KEY_CFBundleDisplayName = Georg;
				INFOPLIST_KEY_LSApplicationCategoryType = "public.app-category.utilities";
				INFOPLIST_KEY_NSHumanReadableCopyright = "";
				INFOPLIST_KEY_NSMainStoryboardFile = Main;
				INFOPLIST_KEY_NSPrincipalClass = NSApplication;
				LD_RUNPATH_SEARCH_PATHS = (
					"$(inherited)",
					"@executable_path/../Frameworks",
				);
				MACOSX_DEPLOYMENT_TARGET = 11.0;
				MARKETING_VERSION = 1.0;
				PRODUCT_BUNDLE_IDENTIFIER = "org.appel-rockhold.Georg";
				PRODUCT_NAME = "$(TARGET_NAME)";
				SWIFT_EMIT_LOC_STRINGS = YES;
				SWIFT_VERSION = 5.0;
			};
			name = Debug;
		};
		2ECCEB072A9436C4005785FA /* Release */ = {
			isa = XCBuildConfiguration;
			buildSettings = {
				ASSETCATALOG_COMPILER_APPICON_NAME = AppIcon;
				ASSETCATALOG_COMPILER_GLOBAL_ACCENT_COLOR_NAME = AccentColor;
				ASSETCATALOG_COMPILER_INCLUDE_ALL_APPICON_ASSETS = YES;
				CODE_SIGN_ENTITLEMENTS = src/Georg.entitlements;
				"CODE_SIGN_IDENTITY[sdk=macosx*]" = "Apple Development";
				CODE_SIGN_STYLE = Automatic;
				COMBINE_HIDPI_IMAGES = YES;
				CURRENT_PROJECT_VERSION = 1;
				DEAD_CODE_STRIPPING = YES;
				DEVELOPMENT_TEAM = MYU6NE7WY6;
				ENABLE_HARDENED_RUNTIME = YES;
				GENERATE_INFOPLIST_FILE = YES;
				INFOPLIST_FILE = src/Info.plist;
				INFOPLIST_KEY_CFBundleDisplayName = Georg;
				INFOPLIST_KEY_LSApplicationCategoryType = "public.app-category.utilities";
				INFOPLIST_KEY_NSHumanReadableCopyright = "";
				INFOPLIST_KEY_NSMainStoryboardFile = Main;
				INFOPLIST_KEY_NSPrincipalClass = NSApplication;
				LD_RUNPATH_SEARCH_PATHS = (
					"$(inherited)",
					"@executable_path/../Frameworks",
				);
				MACOSX_DEPLOYMENT_TARGET = 11.0;
				MARKETING_VERSION = 1.0;
				PRODUCT_BUNDLE_IDENTIFIER = "org.appel-rockhold.Georg";
				PRODUCT_NAME = "$(TARGET_NAME)";
				SWIFT_EMIT_LOC_STRINGS = YES;
				SWIFT_VERSION = 5.0;
			};
			name = Release;
		};
/* End XCBuildConfiguration section */

/* Begin XCConfigurationList section */
		2ECCEAEB2A9436C0005785FA /* Build configuration list for PBXProject "Georg" */ = {
			isa = XCConfigurationList;
			buildConfigurations = (
				2ECCEB032A9436C4005785FA /* Debug */,
				2ECCEB042A9436C4005785FA /* Release */,
			);
			defaultConfigurationIsVisible = 0;
			defaultConfigurationName = Release;
		};
		2ECCEB052A9436C4005785FA /* Build configuration list for PBXNativeTarget "Georg" */ = {
			isa = XCConfigurationList;
			buildConfigurations = (
				2ECCEB062A9436C4005785FA /* Debug */,
				2ECCEB072A9436C4005785FA /* Release */,
			);
			defaultConfigurationIsVisible = 0;
			defaultConfigurationName = Release;
		};
/* End XCConfigurationList section */

/* Begin XCRemoteSwiftPackageReference section */
		2EDAC9982B055C46001DBF88 /* XCRemoteSwiftPackageReference "BinaryCodable" */ = {
			isa = XCRemoteSwiftPackageReference;
			repositoryURL = "https://github.com/christophhagen/BinaryCodable";
			requirement = {
				kind = upToNextMajorVersion;
				minimumVersion = 2.0.1;
			};
		};
/* End XCRemoteSwiftPackageReference section */

/* Begin XCSwiftPackageProductDependency section */
		2EDAC9992B055C46001DBF88 /* BinaryCodable */ = {
			isa = XCSwiftPackageProductDependency;
			package = 2EDAC9982B055C46001DBF88 /* XCRemoteSwiftPackageReference "BinaryCodable" */;
			productName = BinaryCodable;
		};
		2EF33E652ADF0077004C750F /* GeoFeatures */ = {
			isa = XCSwiftPackageProductDependency;
			productName = GeoFeatures;
		};
/* End XCSwiftPackageProductDependency section */

/* Begin XCVersionGroup section */
		2ECCEAF92A9436C0005785FA /* Document.xcdatamodeld */ = {
			isa = XCVersionGroup;
			children = (
				2ECCEAFA2A9436C0005785FA /* Document.xcdatamodel */,
			);
			currentVersion = 2ECCEAFA2A9436C0005785FA /* Document.xcdatamodel */;
			path = Document.xcdatamodeld;
			sourceTree = "<group>";
			versionGroupType = wrapper.xcdatamodel;
		};
/* End XCVersionGroup section */
	};
	rootObject = 2ECCEAE82A9436C0005785FA /* Project object */;
}
