// !$*UTF8*$!
{
	archiveVersion = 1;
	classes = {
	};
	objectVersion = 56;
	objects = {

/* Begin PBXBuildFile section */
		2E59AB312A95B6DA0064F50E /* WindowController.swift in Sources */ = {isa = PBXBuildFile; fileRef = 2E59AB302A95B6DA0064F50E /* WindowController.swift */; };
		2E5E56A92BEBF44B006C571F /* MapViewModel.swift in Sources */ = {isa = PBXBuildFile; fileRef = 2EE770172B2FB3AF00E67B56 /* MapViewModel.swift */; };
		2E8304C82BEFE8A000E90FAA /* StyleManager.swift in Sources */ = {isa = PBXBuildFile; fileRef = 2E8304C72BEFE8A000E90FAA /* StyleManager.swift */; };
		2E8304CA2BEFE8DA00E90FAA /* SimpleStyleManager.swift in Sources */ = {isa = PBXBuildFile; fileRef = 2E8304C92BEFE8DA00E90FAA /* SimpleStyleManager.swift */; };
		2E8304CC2BF28C9600E90FAA /* GeometryFormatter.swift in Sources */ = {isa = PBXBuildFile; fileRef = 2E8304CB2BF28C9600E90FAA /* GeometryFormatter.swift */; };
		2EAA233D2B23DD7E00E5F653 /* GeorgError.swift in Sources */ = {isa = PBXBuildFile; fileRef = 2EAA233C2B23DD7E00E5F653 /* GeorgError.swift */; };
		2EC443B12B2FCB9200244326 /* SplitViewController.swift in Sources */ = {isa = PBXBuildFile; fileRef = 2EC443AF2B2FCB9100244326 /* SplitViewController.swift */; };
		2EC443B22B2FCB9200244326 /* WindowViewController.swift in Sources */ = {isa = PBXBuildFile; fileRef = 2EC443B02B2FCB9100244326 /* WindowViewController.swift */; };
		2EC443BD2B2FCBD800244326 /* OutlineViewController+Delegate.swift in Sources */ = {isa = PBXBuildFile; fileRef = 2EC443B42B2FCBD600244326 /* OutlineViewController+Delegate.swift */; };
		2EC443BF2B2FCBD800244326 /* OutlineViewModel+Helpers.swift in Sources */ = {isa = PBXBuildFile; fileRef = 2EC443B62B2FCBD600244326 /* OutlineViewModel+Helpers.swift */; };
		2EC443C02B2FCBD800244326 /* OutlineView.swift in Sources */ = {isa = PBXBuildFile; fileRef = 2EC443B72B2FCBD700244326 /* OutlineView.swift */; };
		2EC443C12B2FCBD800244326 /* OutlineViewController.swift in Sources */ = {isa = PBXBuildFile; fileRef = 2EC443B82B2FCBD700244326 /* OutlineViewController.swift */; };
		2EC443C22B2FCBD800244326 /* OutlineViewController+Expansion.swift in Sources */ = {isa = PBXBuildFile; fileRef = 2EC443B92B2FCBD700244326 /* OutlineViewController+Expansion.swift */; };
		2EC443C32B2FCBD800244326 /* OutlineViewController+Restoration.swift in Sources */ = {isa = PBXBuildFile; fileRef = 2EC443BA2B2FCBD800244326 /* OutlineViewController+Restoration.swift */; };
		2EC443C42B2FCBD800244326 /* OutlineViewController+ContextalMenu.swift in Sources */ = {isa = PBXBuildFile; fileRef = 2EC443BB2B2FCBD800244326 /* OutlineViewController+ContextalMenu.swift */; };
		2EC443D62B322C4400244326 /* InfoPlist.strings in Resources */ = {isa = PBXBuildFile; fileRef = 2EC443D42B322C4400244326 /* InfoPlist.strings */; };
		2EC443D72B322C4400244326 /* Localizable.strings in Resources */ = {isa = PBXBuildFile; fileRef = 2EC443D52B322C4400244326 /* Localizable.strings */; };
		2ECCEAF42A9436C0005785FA /* AppDelegate.swift in Sources */ = {isa = PBXBuildFile; fileRef = 2ECCEAF32A9436C0005785FA /* AppDelegate.swift */; };
		2ECCEAF62A9436C0005785FA /* MapViewController.swift in Sources */ = {isa = PBXBuildFile; fileRef = 2ECCEAF52A9436C0005785FA /* MapViewController.swift */; };
		2ECCEAF82A9436C0005785FA /* Document.swift in Sources */ = {isa = PBXBuildFile; fileRef = 2ECCEAF72A9436C0005785FA /* Document.swift */; };
		2ECCEB002A9436C4005785FA /* Main.storyboard in Resources */ = {isa = PBXBuildFile; fileRef = 2ECCEAFE2A9436C4005785FA /* Main.storyboard */; };
		2EF0D11D2A983E6E0018E70D /* Assets.xcassets in Resources */ = {isa = PBXBuildFile; fileRef = 2EF0D11C2A983E6E0018E70D /* Assets.xcassets */; };
		2EF33E662ADF0077004C750F /* GeoFeatures in Frameworks */ = {isa = PBXBuildFile; productRef = 2EF33E652ADF0077004C750F /* GeoFeatures */; };
		2EF569D02BCE0AD400964F85 /* OutlineViewModel.swift in Sources */ = {isa = PBXBuildFile; fileRef = 2EF569CF2BCE0AD400964F85 /* OutlineViewModel.swift */; };
		2EF569DE2BCF129700964F85 /* CoreDataGeoObjectCreator.swift in Sources */ = {isa = PBXBuildFile; fileRef = 2EF569D42BCF129600964F85 /* CoreDataGeoObjectCreator.swift */; };
		2EF569DF2BCF129700964F85 /* GeorgMKGeoJSONFeatureSource.swift in Sources */ = {isa = PBXBuildFile; fileRef = 2EF569D52BCF129600964F85 /* GeorgMKGeoJSONFeatureSource.swift */; };
		2EF569E02BCF129700964F85 /* GeoObjectCreator.swift in Sources */ = {isa = PBXBuildFile; fileRef = 2EF569D62BCF129600964F85 /* GeoObjectCreator.swift */; };
		2EF569E12BCF129700964F85 /* ModelObject.swift in Sources */ = {isa = PBXBuildFile; fileRef = 2EF569D82BCF129700964F85 /* ModelObject.swift */; };
		2EF569E22BCF129800964F85 /* Layer+ModelObject.swift in Sources */ = {isa = PBXBuildFile; fileRef = 2EF569D92BCF129700964F85 /* Layer+ModelObject.swift */; };
		2EF569E32BCF129800964F85 /* Geometry+ModelObject.swift in Sources */ = {isa = PBXBuildFile; fileRef = 2EF569DA2BCF129700964F85 /* Geometry+ModelObject.swift */; };
		2EF569E42BCF129800964F85 /* Feature+ModelObject.swift in Sources */ = {isa = PBXBuildFile; fileRef = 2EF569DB2BCF129700964F85 /* Feature+ModelObject.swift */; };
		2EF569EE2BCF292300964F85 /* NSImage+.swift in Sources */ = {isa = PBXBuildFile; fileRef = 2EF569E92BCF292200964F85 /* NSImage+.swift */; };
		2EF569EF2BCF292300964F85 /* URL+.swift in Sources */ = {isa = PBXBuildFile; fileRef = 2EF569EA2BCF292200964F85 /* URL+.swift */; };
		2EF569F02BCF292300964F85 /* NSTreeController+.swift in Sources */ = {isa = PBXBuildFile; fileRef = 2EF569EB2BCF292200964F85 /* NSTreeController+.swift */; };
		2EF569F52BCF2F4E00964F85 /* BinaryCodable in Frameworks */ = {isa = PBXBuildFile; productRef = 2EF569F42BCF2F4E00964F85 /* BinaryCodable */; };
		2EFFD9482BCF306F00249DE1 /* Document.xcdatamodeld in Sources */ = {isa = PBXBuildFile; fileRef = 2EF569E62BCF133700964F85 /* Document.xcdatamodeld */; };
		2EFFD9572BCF3C5300249DE1 /* CustomLoadingTileOverlay.swift in Sources */ = {isa = PBXBuildFile; fileRef = 2EFFD94B2BCF3C5300249DE1 /* CustomLoadingTileOverlay.swift */; };
		2EFFD9632BD07F0600249DE1 /* GeoObjectMKBridge.swift in Sources */ = {isa = PBXBuildFile; fileRef = 2EFFD9622BD07F0500249DE1 /* GeoObjectMKBridge.swift */; };
		2EFFD9652BD0864900249DE1 /* OutlineViewController+DragDrop.swift in Sources */ = {isa = PBXBuildFile; fileRef = 2EFFD9642BD0864900249DE1 /* OutlineViewController+DragDrop.swift */; };
		2EFFD9672BD08CC700249DE1 /* NodePasteboardWriter.swift in Sources */ = {isa = PBXBuildFile; fileRef = 2EFFD9662BD08CC700249DE1 /* NodePasteboardWriter.swift */; };
/* End PBXBuildFile section */

/* Begin PBXFileReference section */
		2E59AB302A95B6DA0064F50E /* WindowController.swift */ = {isa = PBXFileReference; fileEncoding = 4; lastKnownFileType = sourcecode.swift; path = WindowController.swift; sourceTree = "<group>"; };
		2E8304C72BEFE8A000E90FAA /* StyleManager.swift */ = {isa = PBXFileReference; lastKnownFileType = sourcecode.swift; path = StyleManager.swift; sourceTree = "<group>"; };
		2E8304C92BEFE8DA00E90FAA /* SimpleStyleManager.swift */ = {isa = PBXFileReference; lastKnownFileType = sourcecode.swift; path = SimpleStyleManager.swift; sourceTree = "<group>"; };
		2E8304CB2BF28C9600E90FAA /* GeometryFormatter.swift */ = {isa = PBXFileReference; lastKnownFileType = sourcecode.swift; path = GeometryFormatter.swift; sourceTree = "<group>"; };
		2EAA233C2B23DD7E00E5F653 /* GeorgError.swift */ = {isa = PBXFileReference; lastKnownFileType = sourcecode.swift; path = GeorgError.swift; sourceTree = "<group>"; };
		2EACC0362BE9528B00A7F91A /* Georg-Shared.xcconfig */ = {isa = PBXFileReference; lastKnownFileType = text.xcconfig; path = "Georg-Shared.xcconfig"; sourceTree = "<group>"; };
		2EACC0372BE9528B00A7F91A /* Project-Release.xcconfig */ = {isa = PBXFileReference; lastKnownFileType = text.xcconfig; path = "Project-Release.xcconfig"; sourceTree = "<group>"; };
		2EACC0382BE9528B00A7F91A /* Project-Shared.xcconfig */ = {isa = PBXFileReference; lastKnownFileType = text.xcconfig; path = "Project-Shared.xcconfig"; sourceTree = "<group>"; };
		2EACC0392BE9528B00A7F91A /* Georg-Release.xcconfig */ = {isa = PBXFileReference; lastKnownFileType = text.xcconfig; path = "Georg-Release.xcconfig"; sourceTree = "<group>"; };
		2EACC03A2BE9528B00A7F91A /* Project-Debug.xcconfig */ = {isa = PBXFileReference; lastKnownFileType = text.xcconfig; path = "Project-Debug.xcconfig"; sourceTree = "<group>"; };
		2EACC03B2BE9528B00A7F91A /* Georg-Debug.xcconfig */ = {isa = PBXFileReference; lastKnownFileType = text.xcconfig; path = "Georg-Debug.xcconfig"; sourceTree = "<group>"; };
		2EC443AF2B2FCB9100244326 /* SplitViewController.swift */ = {isa = PBXFileReference; fileEncoding = 4; lastKnownFileType = sourcecode.swift; path = SplitViewController.swift; sourceTree = "<group>"; };
		2EC443B02B2FCB9100244326 /* WindowViewController.swift */ = {isa = PBXFileReference; fileEncoding = 4; lastKnownFileType = sourcecode.swift; path = WindowViewController.swift; sourceTree = "<group>"; };
		2EC443B42B2FCBD600244326 /* OutlineViewController+Delegate.swift */ = {isa = PBXFileReference; fileEncoding = 4; lastKnownFileType = sourcecode.swift; path = "OutlineViewController+Delegate.swift"; sourceTree = "<group>"; };
		2EC443B62B2FCBD600244326 /* OutlineViewModel+Helpers.swift */ = {isa = PBXFileReference; fileEncoding = 4; lastKnownFileType = sourcecode.swift; path = "OutlineViewModel+Helpers.swift"; sourceTree = "<group>"; };
		2EC443B72B2FCBD700244326 /* OutlineView.swift */ = {isa = PBXFileReference; fileEncoding = 4; lastKnownFileType = sourcecode.swift; path = OutlineView.swift; sourceTree = "<group>"; };
		2EC443B82B2FCBD700244326 /* OutlineViewController.swift */ = {isa = PBXFileReference; fileEncoding = 4; lastKnownFileType = sourcecode.swift; path = OutlineViewController.swift; sourceTree = "<group>"; };
		2EC443B92B2FCBD700244326 /* OutlineViewController+Expansion.swift */ = {isa = PBXFileReference; fileEncoding = 4; lastKnownFileType = sourcecode.swift; path = "OutlineViewController+Expansion.swift"; sourceTree = "<group>"; };
		2EC443BA2B2FCBD800244326 /* OutlineViewController+Restoration.swift */ = {isa = PBXFileReference; fileEncoding = 4; lastKnownFileType = sourcecode.swift; path = "OutlineViewController+Restoration.swift"; sourceTree = "<group>"; };
		2EC443BB2B2FCBD800244326 /* OutlineViewController+ContextalMenu.swift */ = {isa = PBXFileReference; fileEncoding = 4; lastKnownFileType = sourcecode.swift; path = "OutlineViewController+ContextalMenu.swift"; sourceTree = "<group>"; };
		2EC443D42B322C4400244326 /* InfoPlist.strings */ = {isa = PBXFileReference; fileEncoding = 4; lastKnownFileType = text.plist.strings; path = InfoPlist.strings; sourceTree = "<group>"; };
		2EC443D52B322C4400244326 /* Localizable.strings */ = {isa = PBXFileReference; fileEncoding = 4; lastKnownFileType = text.plist.strings; path = Localizable.strings; sourceTree = "<group>"; };
		2EC443D82B3E0CB300244326 /* Roadmap and Ideas.md */ = {isa = PBXFileReference; lastKnownFileType = net.daringfireball.markdown; path = "Roadmap and Ideas.md"; sourceTree = "<group>"; };
		2ECCEAF02A9436C0005785FA /* Georg.app */ = {isa = PBXFileReference; explicitFileType = wrapper.application; includeInIndex = 0; path = Georg.app; sourceTree = BUILT_PRODUCTS_DIR; };
		2ECCEAF32A9436C0005785FA /* AppDelegate.swift */ = {isa = PBXFileReference; lastKnownFileType = sourcecode.swift; path = AppDelegate.swift; sourceTree = "<group>"; };
		2ECCEAF52A9436C0005785FA /* MapViewController.swift */ = {isa = PBXFileReference; lastKnownFileType = sourcecode.swift; path = MapViewController.swift; sourceTree = "<group>"; };
		2ECCEAF72A9436C0005785FA /* Document.swift */ = {isa = PBXFileReference; lastKnownFileType = sourcecode.swift; path = Document.swift; sourceTree = "<group>"; };
		2ECCEAFF2A9436C4005785FA /* Base */ = {isa = PBXFileReference; lastKnownFileType = file.storyboard; name = Base; path = Base.lproj/Main.storyboard; sourceTree = "<group>"; };
		2ECCEB012A9436C4005785FA /* Info.plist */ = {isa = PBXFileReference; lastKnownFileType = text.plist.xml; path = Info.plist; sourceTree = "<group>"; };
		2ECCEB022A9436C4005785FA /* Georg.entitlements */ = {isa = PBXFileReference; lastKnownFileType = text.plist.entitlements; path = Georg.entitlements; sourceTree = "<group>"; };
		2EDD8F3E2ADE6AF20036F429 /* GeoFeatures */ = {isa = PBXFileReference; lastKnownFileType = wrapper; path = GeoFeatures; sourceTree = "<group>"; };
		2EE770172B2FB3AF00E67B56 /* MapViewModel.swift */ = {isa = PBXFileReference; lastKnownFileType = sourcecode.swift; path = MapViewModel.swift; sourceTree = "<group>"; };
		2EF0D1192A9828740018E70D /* README.md */ = {isa = PBXFileReference; lastKnownFileType = net.daringfireball.markdown; path = README.md; sourceTree = "<group>"; };
		2EF0D11A2A9829690018E70D /* COPYING.md */ = {isa = PBXFileReference; lastKnownFileType = net.daringfireball.markdown; path = COPYING.md; sourceTree = "<group>"; };
		2EF0D11B2A9829690018E70D /* LICENSE.md */ = {isa = PBXFileReference; lastKnownFileType = net.daringfireball.markdown; path = LICENSE.md; sourceTree = "<group>"; };
		2EF0D11C2A983E6E0018E70D /* Assets.xcassets */ = {isa = PBXFileReference; lastKnownFileType = folder.assetcatalog; path = Assets.xcassets; sourceTree = "<group>"; };
		2EF569CF2BCE0AD400964F85 /* OutlineViewModel.swift */ = {isa = PBXFileReference; fileEncoding = 4; lastKnownFileType = sourcecode.swift; path = OutlineViewModel.swift; sourceTree = "<group>"; };
		2EF569D42BCF129600964F85 /* CoreDataGeoObjectCreator.swift */ = {isa = PBXFileReference; fileEncoding = 4; lastKnownFileType = sourcecode.swift; path = CoreDataGeoObjectCreator.swift; sourceTree = "<group>"; };
		2EF569D52BCF129600964F85 /* GeorgMKGeoJSONFeatureSource.swift */ = {isa = PBXFileReference; fileEncoding = 4; lastKnownFileType = sourcecode.swift; path = GeorgMKGeoJSONFeatureSource.swift; sourceTree = "<group>"; };
		2EF569D62BCF129600964F85 /* GeoObjectCreator.swift */ = {isa = PBXFileReference; fileEncoding = 4; lastKnownFileType = sourcecode.swift; path = GeoObjectCreator.swift; sourceTree = "<group>"; };
		2EF569D82BCF129700964F85 /* ModelObject.swift */ = {isa = PBXFileReference; fileEncoding = 4; lastKnownFileType = sourcecode.swift; path = ModelObject.swift; sourceTree = "<group>"; };
		2EF569D92BCF129700964F85 /* Layer+ModelObject.swift */ = {isa = PBXFileReference; fileEncoding = 4; lastKnownFileType = sourcecode.swift; path = "Layer+ModelObject.swift"; sourceTree = "<group>"; };
		2EF569DA2BCF129700964F85 /* Geometry+ModelObject.swift */ = {isa = PBXFileReference; fileEncoding = 4; lastKnownFileType = sourcecode.swift; path = "Geometry+ModelObject.swift"; sourceTree = "<group>"; };
		2EF569DB2BCF129700964F85 /* Feature+ModelObject.swift */ = {isa = PBXFileReference; fileEncoding = 4; lastKnownFileType = sourcecode.swift; path = "Feature+ModelObject.swift"; sourceTree = "<group>"; };
		2EF569E72BCF133800964F85 /* Document.xcdatamodel */ = {isa = PBXFileReference; lastKnownFileType = wrapper.xcdatamodel; path = Document.xcdatamodel; sourceTree = "<group>"; };
		2EF569E92BCF292200964F85 /* NSImage+.swift */ = {isa = PBXFileReference; fileEncoding = 4; lastKnownFileType = sourcecode.swift; path = "NSImage+.swift"; sourceTree = "<group>"; };
		2EF569EA2BCF292200964F85 /* URL+.swift */ = {isa = PBXFileReference; fileEncoding = 4; lastKnownFileType = sourcecode.swift; path = "URL+.swift"; sourceTree = "<group>"; };
		2EF569EB2BCF292200964F85 /* NSTreeController+.swift */ = {isa = PBXFileReference; fileEncoding = 4; lastKnownFileType = sourcecode.swift; path = "NSTreeController+.swift"; sourceTree = "<group>"; };
		2EFFD94B2BCF3C5300249DE1 /* CustomLoadingTileOverlay.swift */ = {isa = PBXFileReference; fileEncoding = 4; lastKnownFileType = sourcecode.swift; path = CustomLoadingTileOverlay.swift; sourceTree = "<group>"; };
		2EFFD9622BD07F0500249DE1 /* GeoObjectMKBridge.swift */ = {isa = PBXFileReference; fileEncoding = 4; lastKnownFileType = sourcecode.swift; path = GeoObjectMKBridge.swift; sourceTree = "<group>"; };
		2EFFD9642BD0864900249DE1 /* OutlineViewController+DragDrop.swift */ = {isa = PBXFileReference; fileEncoding = 4; lastKnownFileType = sourcecode.swift; path = "OutlineViewController+DragDrop.swift"; sourceTree = "<group>"; };
		2EFFD9662BD08CC700249DE1 /* NodePasteboardWriter.swift */ = {isa = PBXFileReference; fileEncoding = 4; lastKnownFileType = sourcecode.swift; path = NodePasteboardWriter.swift; sourceTree = "<group>"; };
/* End PBXFileReference section */

/* Begin PBXFrameworksBuildPhase section */
		2ECCEAED2A9436C0005785FA /* Frameworks */ = {
			isa = PBXFrameworksBuildPhase;
			buildActionMask = 2147483647;
			files = (
				2EF569F52BCF2F4E00964F85 /* BinaryCodable in Frameworks */,
				2EF33E662ADF0077004C750F /* GeoFeatures in Frameworks */,
			);
			runOnlyForDeploymentPostprocessing = 0;
		};
/* End PBXFrameworksBuildPhase section */

/* Begin PBXGroup section */
		2EACC0352BE9528B00A7F91A /* xcconfig */ = {
			isa = PBXGroup;
			children = (
				2EACC0362BE9528B00A7F91A /* Georg-Shared.xcconfig */,
				2EACC0372BE9528B00A7F91A /* Project-Release.xcconfig */,
				2EACC0382BE9528B00A7F91A /* Project-Shared.xcconfig */,
				2EACC0392BE9528B00A7F91A /* Georg-Release.xcconfig */,
				2EACC03A2BE9528B00A7F91A /* Project-Debug.xcconfig */,
				2EACC03B2BE9528B00A7F91A /* Georg-Debug.xcconfig */,
			);
			path = xcconfig;
			sourceTree = "<group>";
		};
		2EC443AE2B2FCB4700244326 /* Master View */ = {
			isa = PBXGroup;
			children = (
				2EC443B72B2FCBD700244326 /* OutlineView.swift */,
				2EF569CF2BCE0AD400964F85 /* OutlineViewModel.swift */,
				2EC443B82B2FCBD700244326 /* OutlineViewController.swift */,
				2EFFD9642BD0864900249DE1 /* OutlineViewController+DragDrop.swift */,
				2EC443BB2B2FCBD800244326 /* OutlineViewController+ContextalMenu.swift */,
				2EC443B42B2FCBD600244326 /* OutlineViewController+Delegate.swift */,
				2EC443B92B2FCBD700244326 /* OutlineViewController+Expansion.swift */,
				2EC443B62B2FCBD600244326 /* OutlineViewModel+Helpers.swift */,
				2EC443BA2B2FCBD800244326 /* OutlineViewController+Restoration.swift */,
				2EFFD9662BD08CC700249DE1 /* NodePasteboardWriter.swift */,
			);
			path = "Master View";
			sourceTree = "<group>";
		};
		2ECCEAE72A9436C0005785FA = {
			isa = PBXGroup;
			children = (
				2EF0D11A2A9829690018E70D /* COPYING.md */,
				2EF0D11B2A9829690018E70D /* LICENSE.md */,
				2EF0D1192A9828740018E70D /* README.md */,
				2EC443D82B3E0CB300244326 /* Roadmap and Ideas.md */,
				2EACC0352BE9528B00A7F91A /* xcconfig */,
				2ECCEAF22A9436C0005785FA /* src */,
				2ECCEAF12A9436C0005785FA /* Products */,
				2EF33E642ADF0077004C750F /* Frameworks */,
				2EDD8F3E2ADE6AF20036F429 /* GeoFeatures */,
			);
			sourceTree = "<group>";
		};
		2ECCEAF12A9436C0005785FA /* Products */ = {
			isa = PBXGroup;
			children = (
				2ECCEAF02A9436C0005785FA /* Georg.app */,
			);
			name = Products;
			sourceTree = "<group>";
		};
		2ECCEAF22A9436C0005785FA /* src */ = {
			isa = PBXGroup;
			children = (
				2ECCEAF32A9436C0005785FA /* AppDelegate.swift */,
				2EF569D72BCF129700964F85 /* Model */,
				2EE770192B2FBE1F00E67B56 /* Main Window */,
				2EC443AE2B2FCB4700244326 /* Master View */,
				2EE7701A2B2FBE5300E67B56 /* Map View */,
				2EF569E82BCF292200964F85 /* Misc Extensions */,
				2EAA233C2B23DD7E00E5F653 /* GeorgError.swift */,
				2EF0D11C2A983E6E0018E70D /* Assets.xcassets */,
				2EC443D42B322C4400244326 /* InfoPlist.strings */,
				2EC443D52B322C4400244326 /* Localizable.strings */,
				2ECCEB012A9436C4005785FA /* Info.plist */,
				2ECCEB022A9436C4005785FA /* Georg.entitlements */,
			);
			path = src;
			sourceTree = "<group>";
		};
		2EE770192B2FBE1F00E67B56 /* Main Window */ = {
			isa = PBXGroup;
			children = (
				2E59AB302A95B6DA0064F50E /* WindowController.swift */,
				2EC443B02B2FCB9100244326 /* WindowViewController.swift */,
				2EC443AF2B2FCB9100244326 /* SplitViewController.swift */,
				2ECCEAFE2A9436C4005785FA /* Main.storyboard */,
			);
			path = "Main Window";
			sourceTree = "<group>";
		};
		2EE7701A2B2FBE5300E67B56 /* Map View */ = {
			isa = PBXGroup;
			children = (
				2EE770172B2FB3AF00E67B56 /* MapViewModel.swift */,
				2ECCEAF52A9436C0005785FA /* MapViewController.swift */,
				2EFFD9622BD07F0500249DE1 /* GeoObjectMKBridge.swift */,
				2EFFD94B2BCF3C5300249DE1 /* CustomLoadingTileOverlay.swift */,
				2E8304C72BEFE8A000E90FAA /* StyleManager.swift */,
				2E8304C92BEFE8DA00E90FAA /* SimpleStyleManager.swift */,
			);
			path = "Map View";
			sourceTree = "<group>";
		};
		2EF33E642ADF0077004C750F /* Frameworks */ = {
			isa = PBXGroup;
			children = (
			);
			name = Frameworks;
			sourceTree = "<group>";
		};
		2EF569D32BCF129600964F85 /* ImportGeoObjects */ = {
			isa = PBXGroup;
			children = (
				2EF569D62BCF129600964F85 /* GeoObjectCreator.swift */,
				2EF569D42BCF129600964F85 /* CoreDataGeoObjectCreator.swift */,
				2EF569D52BCF129600964F85 /* GeorgMKGeoJSONFeatureSource.swift */,
			);
			path = ImportGeoObjects;
			sourceTree = "<group>";
		};
		2EF569D72BCF129700964F85 /* Model */ = {
			isa = PBXGroup;
			children = (
				2EF569E62BCF133700964F85 /* Document.xcdatamodeld */,
				2ECCEAF72A9436C0005785FA /* Document.swift */,
				2EF569D82BCF129700964F85 /* ModelObject.swift */,
				2EF569D92BCF129700964F85 /* Layer+ModelObject.swift */,
				2EF569DA2BCF129700964F85 /* Geometry+ModelObject.swift */,
				2EF569DB2BCF129700964F85 /* Feature+ModelObject.swift */,
				2EF569D32BCF129600964F85 /* ImportGeoObjects */,
			);
			path = Model;
			sourceTree = "<group>";
		};
		2EF569E82BCF292200964F85 /* Misc Extensions */ = {
			isa = PBXGroup;
			children = (
				2EF569E92BCF292200964F85 /* NSImage+.swift */,
				2EF569EA2BCF292200964F85 /* URL+.swift */,
				2EF569EB2BCF292200964F85 /* NSTreeController+.swift */,
				2E8304CB2BF28C9600E90FAA /* GeometryFormatter.swift */,
			);
			path = "Misc Extensions";
			sourceTree = "<group>";
		};
/* End PBXGroup section */

/* Begin PBXNativeTarget section */
		2ECCEAEF2A9436C0005785FA /* Georg */ = {
			isa = PBXNativeTarget;
			buildConfigurationList = 2ECCEB052A9436C4005785FA /* Build configuration list for PBXNativeTarget "Georg" */;
			buildPhases = (
				2ECCEAEC2A9436C0005785FA /* Sources */,
				2ECCEAED2A9436C0005785FA /* Frameworks */,
				2ECCEAEE2A9436C0005785FA /* Resources */,
			);
			buildRules = (
			);
			dependencies = (
			);
			name = Georg;
			packageProductDependencies = (
				2EF33E652ADF0077004C750F /* GeoFeatures */,
				2EF569F42BCF2F4E00964F85 /* BinaryCodable */,
			);
			productName = DocbasedApp;
			productReference = 2ECCEAF02A9436C0005785FA /* Georg.app */;
			productType = "com.apple.product-type.application";
		};
/* End PBXNativeTarget section */

/* Begin PBXProject section */
		2ECCEAE82A9436C0005785FA /* Project object */ = {
			isa = PBXProject;
			attributes = {
				BuildIndependentTargetsInParallel = 1;
				LastSwiftUpdateCheck = 1430;
				LastUpgradeCheck = 1500;
				TargetAttributes = {
					2ECCEAEF2A9436C0005785FA = {
						CreatedOnToolsVersion = 14.3.1;
					};
				};
			};
			buildConfigurationList = 2ECCEAEB2A9436C0005785FA /* Build configuration list for PBXProject "Georg" */;
			compatibilityVersion = "Xcode 14.0";
			developmentRegion = en;
			hasScannedForEncodings = 0;
			knownRegions = (
				en,
				Base,
			);
			mainGroup = 2ECCEAE72A9436C0005785FA;
			packageReferences = (
				2EF569F32BCF2F4E00964F85 /* XCRemoteSwiftPackageReference "BinaryCodable" */,
			);
			productRefGroup = 2ECCEAF12A9436C0005785FA /* Products */;
			projectDirPath = "";
			projectRoot = "";
			targets = (
				2ECCEAEF2A9436C0005785FA /* Georg */,
			);
		};
/* End PBXProject section */

/* Begin PBXResourcesBuildPhase section */
		2ECCEAEE2A9436C0005785FA /* Resources */ = {
			isa = PBXResourcesBuildPhase;
			buildActionMask = 2147483647;
			files = (
				2EC443D72B322C4400244326 /* Localizable.strings in Resources */,
				2EF0D11D2A983E6E0018E70D /* Assets.xcassets in Resources */,
				2EC443D62B322C4400244326 /* InfoPlist.strings in Resources */,
				2ECCEB002A9436C4005785FA /* Main.storyboard in Resources */,
			);
			runOnlyForDeploymentPostprocessing = 0;
		};
/* End PBXResourcesBuildPhase section */

/* Begin PBXSourcesBuildPhase section */
		2ECCEAEC2A9436C0005785FA /* Sources */ = {
			isa = PBXSourcesBuildPhase;
			buildActionMask = 2147483647;
			files = (
				2E5E56A92BEBF44B006C571F /* MapViewModel.swift in Sources */,
				2EF569E32BCF129800964F85 /* Geometry+ModelObject.swift in Sources */,
				2EC443C22B2FCBD800244326 /* OutlineViewController+Expansion.swift in Sources */,
				2EC443C02B2FCBD800244326 /* OutlineView.swift in Sources */,
				2EF569D02BCE0AD400964F85 /* OutlineViewModel.swift in Sources */,
				2E59AB312A95B6DA0064F50E /* WindowController.swift in Sources */,
				2EF569E42BCF129800964F85 /* Feature+ModelObject.swift in Sources */,
				2EF569DF2BCF129700964F85 /* GeorgMKGeoJSONFeatureSource.swift in Sources */,
				2EFFD9632BD07F0600249DE1 /* GeoObjectMKBridge.swift in Sources */,
				2EFFD9482BCF306F00249DE1 /* Document.xcdatamodeld in Sources */,
				2EC443BF2B2FCBD800244326 /* OutlineViewModel+Helpers.swift in Sources */,
				2EAA233D2B23DD7E00E5F653 /* GeorgError.swift in Sources */,
				2EC443B12B2FCB9200244326 /* SplitViewController.swift in Sources */,
				2EFFD9652BD0864900249DE1 /* OutlineViewController+DragDrop.swift in Sources */,
				2EC443B22B2FCB9200244326 /* WindowViewController.swift in Sources */,
				2ECCEAF62A9436C0005785FA /* MapViewController.swift in Sources */,
				2EF569F02BCF292300964F85 /* NSTreeController+.swift in Sources */,
				2EC443C32B2FCBD800244326 /* OutlineViewController+Restoration.swift in Sources */,
				2EF569DE2BCF129700964F85 /* CoreDataGeoObjectCreator.swift in Sources */,
				2EF569E22BCF129800964F85 /* Layer+ModelObject.swift in Sources */,
				2ECCEAF42A9436C0005785FA /* AppDelegate.swift in Sources */,
				2EC443C12B2FCBD800244326 /* OutlineViewController.swift in Sources */,
				2E8304CA2BEFE8DA00E90FAA /* SimpleStyleManager.swift in Sources */,
				2EF569EF2BCF292300964F85 /* URL+.swift in Sources */,
				2EF569EE2BCF292300964F85 /* NSImage+.swift in Sources */,
				2ECCEAF82A9436C0005785FA /* Document.swift in Sources */,
				2E8304C82BEFE8A000E90FAA /* StyleManager.swift in Sources */,
				2EF569E02BCF129700964F85 /* GeoObjectCreator.swift in Sources */,
				2E8304CC2BF28C9600E90FAA /* GeometryFormatter.swift in Sources */,
				2EC443C42B2FCBD800244326 /* OutlineViewController+ContextalMenu.swift in Sources */,
				2EC443BD2B2FCBD800244326 /* OutlineViewController+Delegate.swift in Sources */,
				2EFFD9672BD08CC700249DE1 /* NodePasteboardWriter.swift in Sources */,
				2EF569E12BCF129700964F85 /* ModelObject.swift in Sources */,
				2EFFD9572BCF3C5300249DE1 /* CustomLoadingTileOverlay.swift in Sources */,
			);
			runOnlyForDeploymentPostprocessing = 0;
		};
/* End PBXSourcesBuildPhase section */

/* Begin PBXVariantGroup section */
		2ECCEAFE2A9436C4005785FA /* Main.storyboard */ = {
			isa = PBXVariantGroup;
			children = (
				2ECCEAFF2A9436C4005785FA /* Base */,
			);
			name = Main.storyboard;
			sourceTree = "<group>";
		};
/* End PBXVariantGroup section */

/* Begin XCBuildConfiguration section */
		2ECCEB032A9436C4005785FA /* Debug */ = {
			isa = XCBuildConfiguration;
			baseConfigurationReference = 2EACC03A2BE9528B00A7F91A /* Project-Debug.xcconfig */;
			buildSettings = {
			};
			name = Debug;
		};
		2ECCEB042A9436C4005785FA /* Release */ = {
			isa = XCBuildConfiguration;
			baseConfigurationReference = 2EACC0372BE9528B00A7F91A /* Project-Release.xcconfig */;
			buildSettings = {
			};
			name = Release;
		};
		2ECCEB062A9436C4005785FA /* Debug */ = {
			isa = XCBuildConfiguration;
			baseConfigurationReference = 2EACC03B2BE9528B00A7F91A /* Georg-Debug.xcconfig */;
			buildSettings = {
			};
			name = Debug;
		};
		2ECCEB072A9436C4005785FA /* Release */ = {
			isa = XCBuildConfiguration;
			baseConfigurationReference = 2EACC0392BE9528B00A7F91A /* Georg-Release.xcconfig */;
			buildSettings = {
			};
			name = Release;
		};
/* End XCBuildConfiguration section */

/* Begin XCConfigurationList section */
		2ECCEAEB2A9436C0005785FA /* Build configuration list for PBXProject "Georg" */ = {
			isa = XCConfigurationList;
			buildConfigurations = (
				2ECCEB032A9436C4005785FA /* Debug */,
				2ECCEB042A9436C4005785FA /* Release */,
			);
			defaultConfigurationIsVisible = 0;
			defaultConfigurationName = Release;
		};
		2ECCEB052A9436C4005785FA /* Build configuration list for PBXNativeTarget "Georg" */ = {
			isa = XCConfigurationList;
			buildConfigurations = (
				2ECCEB062A9436C4005785FA /* Debug */,
				2ECCEB072A9436C4005785FA /* Release */,
			);
			defaultConfigurationIsVisible = 0;
			defaultConfigurationName = Release;
		};
/* End XCConfigurationList section */

/* Begin XCRemoteSwiftPackageReference section */
		2EF569F32BCF2F4E00964F85 /* XCRemoteSwiftPackageReference "BinaryCodable" */ = {
			isa = XCRemoteSwiftPackageReference;
			repositoryURL = "https://github.com/christophhagen/BinaryCodable";
			requirement = {
				kind = upToNextMajorVersion;
				minimumVersion = 3.0.3;
			};
		};
/* End XCRemoteSwiftPackageReference section */

/* Begin XCSwiftPackageProductDependency section */
		2EF33E652ADF0077004C750F /* GeoFeatures */ = {
			isa = XCSwiftPackageProductDependency;
			productName = GeoFeatures;
		};
		2EF569F42BCF2F4E00964F85 /* BinaryCodable */ = {
			isa = XCSwiftPackageProductDependency;
			package = 2EF569F32BCF2F4E00964F85 /* XCRemoteSwiftPackageReference "BinaryCodable" */;
			productName = BinaryCodable;
		};
/* End XCSwiftPackageProductDependency section */

/* Begin XCVersionGroup section */
		2EF569E62BCF133700964F85 /* Document.xcdatamodeld */ = {
			isa = XCVersionGroup;
			children = (
				2EF569E72BCF133800964F85 /* Document.xcdatamodel */,
			);
			currentVersion = 2EF569E72BCF133800964F85 /* Document.xcdatamodel */;
			path = Document.xcdatamodeld;
			sourceTree = "<group>";
			versionGroupType = wrapper.xcdatamodel;
		};
/* End XCVersionGroup section */
	};
	rootObject = 2ECCEAE82A9436C0005785FA /* Project object */;
}
