// !$*UTF8*$!
{
	archiveVersion = 1;
	classes = {
	};
	objectVersion = 56;
	objects = {

/* Begin PBXBuildFile section */
		2E2045CF2C560AAF00FF0BFF /* SplitView in Frameworks */ = {isa = PBXBuildFile; productRef = 2E2045CE2C560AAF00FF0BFF /* SplitView */; };
		2E79D57B2C3B4E6600D115FB /* Stylesheet-Extension.swift in Sources */ = {isa = PBXBuildFile; fileRef = 2E79D5792C3B4E6600D115FB /* Stylesheet-Extension.swift */; };
		2E7A574F2C48CA8E00DA1C2F /* GeometryInfo.swift in Sources */ = {isa = PBXBuildFile; fileRef = 2E7A574E2C48CA8E00DA1C2F /* GeometryInfo.swift */; };
		2E9F909F2C3765C800171176 /* MicroGISApp.swift in Sources */ = {isa = PBXBuildFile; fileRef = 2E9F909E2C3765C800171176 /* MicroGISApp.swift */; };
		2E9F90A12C3765C800171176 /* Persistence.swift in Sources */ = {isa = PBXBuildFile; fileRef = 2E9F90A02C3765C800171176 /* Persistence.swift */; };
		2E9F90A62C3765C800171176 /* ContentView.swift in Sources */ = {isa = PBXBuildFile; fileRef = 2E9F90A52C3765C800171176 /* ContentView.swift */; };
		2E9F90A82C3765CB00171176 /* Assets.xcassets in Resources */ = {isa = PBXBuildFile; fileRef = 2E9F90A72C3765CB00171176 /* Assets.xcassets */; };
		2E9F90AC2C3765CB00171176 /* Preview Assets.xcassets in Resources */ = {isa = PBXBuildFile; fileRef = 2E9F90AB2C3765CB00171176 /* Preview Assets.xcassets */; };
		2E9F90B62C3765CB00171176 /* MicroGISTests.swift in Sources */ = {isa = PBXBuildFile; fileRef = 2E9F90B52C3765CB00171176 /* MicroGISTests.swift */; };
		2E9F90C02C3765CB00171176 /* MicroGISUITests.swift in Sources */ = {isa = PBXBuildFile; fileRef = 2E9F90BF2C3765CB00171176 /* MicroGISUITests.swift */; };
		2E9F90C22C3765CC00171176 /* MicroGISUITestsLaunchTests.swift in Sources */ = {isa = PBXBuildFile; fileRef = 2E9F90C12C3765CB00171176 /* MicroGISUITestsLaunchTests.swift */; };
		2E9F90CC2C37757600171176 /* MicroGIS.xcdatamodeld in Sources */ = {isa = PBXBuildFile; fileRef = 2EF569E62BCF133700964F85 /* MicroGIS.xcdatamodeld */; };
		2E9F90CD2C377A3900171176 /* FeatureCollection-Extension.swift in Sources */ = {isa = PBXBuildFile; fileRef = 2EF569D92BCF129700964F85 /* FeatureCollection-Extension.swift */; };
		2E9F90CE2C377A3900171176 /* Geometry-Extension.swift in Sources */ = {isa = PBXBuildFile; fileRef = 2EF569DA2BCF129700964F85 /* Geometry-Extension.swift */; };
		2E9F90CF2C377A3900171176 /* Feature-Extension.swift in Sources */ = {isa = PBXBuildFile; fileRef = 2EF569DB2BCF129700964F85 /* Feature-Extension.swift */; };
		2E9F90D02C377A3900171176 /* FeatureProperties.swift in Sources */ = {isa = PBXBuildFile; fileRef = 2E6243372C2758D8004218E9 /* FeatureProperties.swift */; };
		2E9F90D12C377A3900171176 /* FeaturePropertiesTransformer.swift in Sources */ = {isa = PBXBuildFile; fileRef = 2E6243352C275072004218E9 /* FeaturePropertiesTransformer.swift */; };
		2E9F90D22C377A3900171176 /* NSManagedObjectID-Extension.swift in Sources */ = {isa = PBXBuildFile; fileRef = 2EF569D82BCF129700964F85 /* NSManagedObjectID-Extension.swift */; };
		2E9F90D32C377A4800171176 /* GeoObjectCreator.swift in Sources */ = {isa = PBXBuildFile; fileRef = 2EF569D62BCF129600964F85 /* GeoObjectCreator.swift */; };
		2E9F90D42C377A4800171176 /* CoreDataGeoObjectCreator.swift in Sources */ = {isa = PBXBuildFile; fileRef = 2EF569D42BCF129600964F85 /* CoreDataGeoObjectCreator.swift */; };
		2E9F90D52C377A4800171176 /* MicroGISMKGeoJSONFeatureSource.swift in Sources */ = {isa = PBXBuildFile; fileRef = 2EF569D52BCF129600964F85 /* MicroGISMKGeoJSONFeatureSource.swift */; };
		2E9F90D62C377A5000171176 /* MicroGISError.swift in Sources */ = {isa = PBXBuildFile; fileRef = 2EAA233C2B23DD7E00E5F653 /* MicroGISError.swift */; };
		2E9F90D72C377A5500171176 /* GeometriesTable.swift in Sources */ = {isa = PBXBuildFile; fileRef = 2EF5CE292C11509A004F5F8E /* GeometriesTable.swift */; };
		2E9F90D82C377A5D00171176 /* GeoShapeWrapperTransformer.swift in Sources */ = {isa = PBXBuildFile; fileRef = 2E62432E2C273611004218E9 /* GeoShapeWrapperTransformer.swift */; };
		2E9F90D92C377A5D00171176 /* Coordinate3D.swift in Sources */ = {isa = PBXBuildFile; fileRef = 2E6243302C273841004218E9 /* Coordinate3D.swift */; };
		2E9F90DA2C377A5D00171176 /* GeoShapes.swift in Sources */ = {isa = PBXBuildFile; fileRef = 2E6243322C27391B004218E9 /* GeoShapes.swift */; };
		2E9F90DB2C377A5D00171176 /* GeoShapeWrapper.swift in Sources */ = {isa = PBXBuildFile; fileRef = 2E62432C2C2735C4004218E9 /* GeoShapeWrapper.swift */; };
		2E9F90DC2C377A6F00171176 /* FeatureCollectionView.swift in Sources */ = {isa = PBXBuildFile; fileRef = 2E7C372F2BFEA30F008D2B68 /* FeatureCollectionView.swift */; };
		2E9F90DD2C377A7300171176 /* StylesheetView.swift in Sources */ = {isa = PBXBuildFile; fileRef = 2E9F90922C36498700171176 /* StylesheetView.swift */; };
		2E9F90DE2C377A7900171176 /* CustomLoadingTileOverlay.swift in Sources */ = {isa = PBXBuildFile; fileRef = 2EFFD94B2BCF3C5300249DE1 /* CustomLoadingTileOverlay.swift */; };
		2E9F90DF2C377A7900171176 /* GeoObjectMKBridge.swift in Sources */ = {isa = PBXBuildFile; fileRef = 2EFFD9622BD07F0500249DE1 /* GeoObjectMKBridge.swift */; };
		2E9F90E02C377A7900171176 /* MRMap.swift in Sources */ = {isa = PBXBuildFile; fileRef = 2ECB8D6B2BF9744F0044F557 /* MRMap.swift */; };
		2E9F90E12C377A8600171176 /* Stylesheet+Extensions.swift in Sources */ = {isa = PBXBuildFile; fileRef = 2E8304C72BEFE8A000E90FAA /* Stylesheet+Extensions.swift */; };
		2E9F90E22C377AB000171176 /* CoordinateFormatter.swift in Sources */ = {isa = PBXBuildFile; fileRef = 2ECB8D692BF958970044F557 /* CoordinateFormatter.swift */; };
		2E9F90E32C377B7800171176 /* GeometryFormatter.swift in Sources */ = {isa = PBXBuildFile; fileRef = 2E8304CB2BF28C9600E90FAA /* GeometryFormatter.swift */; };
		2E9F90E52C377BD700171176 /* BinaryCodable in Frameworks */ = {isa = PBXBuildFile; productRef = 2E9F90E42C377BD700171176 /* BinaryCodable */; };
		2EB8DC482C45C3EA00DE4251 /* FeatureCollectionViewModel.swift in Sources */ = {isa = PBXBuildFile; fileRef = 2EB8DC472C45C3EA00DE4251 /* FeatureCollectionViewModel.swift */; };
		2ECF8C522C67514D003A76B6 /* InfoPlist.strings in Resources */ = {isa = PBXBuildFile; fileRef = 2EC443D42B322C4400244326 /* InfoPlist.strings */; };
		2EDE3DD92C64413400A6B847 /* JSONValueFormatter.swift in Sources */ = {isa = PBXBuildFile; fileRef = 2EDE3DD72C64413400A6B847 /* JSONValueFormatter.swift */; };
/* End PBXBuildFile section */

/* Begin PBXContainerItemProxy section */
		2E9F90B22C3765CB00171176 /* PBXContainerItemProxy */ = {
			isa = PBXContainerItemProxy;
			containerPortal = 2ECCEAE82A9436C0005785FA /* Project object */;
			proxyType = 1;
			remoteGlobalIDString = 2E9F909B2C3765C700171176;
			remoteInfo = MicroGIS;
		};
		2E9F90BC2C3765CB00171176 /* PBXContainerItemProxy */ = {
			isa = PBXContainerItemProxy;
			containerPortal = 2ECCEAE82A9436C0005785FA /* Project object */;
			proxyType = 1;
			remoteGlobalIDString = 2E9F909B2C3765C700171176;
			remoteInfo = MicroGIS;
		};
/* End PBXContainerItemProxy section */

/* Begin PBXFileReference section */
		2E62432C2C2735C4004218E9 /* GeoShapeWrapper.swift */ = {isa = PBXFileReference; lastKnownFileType = sourcecode.swift; path = GeoShapeWrapper.swift; sourceTree = "<group>"; };
		2E62432E2C273611004218E9 /* GeoShapeWrapperTransformer.swift */ = {isa = PBXFileReference; lastKnownFileType = sourcecode.swift; path = GeoShapeWrapperTransformer.swift; sourceTree = "<group>"; };
		2E6243302C273841004218E9 /* Coordinate3D.swift */ = {isa = PBXFileReference; lastKnownFileType = sourcecode.swift; path = Coordinate3D.swift; sourceTree = "<group>"; };
		2E6243322C27391B004218E9 /* GeoShapes.swift */ = {isa = PBXFileReference; lastKnownFileType = sourcecode.swift; path = GeoShapes.swift; sourceTree = "<group>"; };
		2E6243352C275072004218E9 /* FeaturePropertiesTransformer.swift */ = {isa = PBXFileReference; lastKnownFileType = sourcecode.swift; path = FeaturePropertiesTransformer.swift; sourceTree = "<group>"; };
		2E6243372C2758D8004218E9 /* FeatureProperties.swift */ = {isa = PBXFileReference; lastKnownFileType = sourcecode.swift; path = FeatureProperties.swift; sourceTree = "<group>"; };
		2E79D5792C3B4E6600D115FB /* Stylesheet-Extension.swift */ = {isa = PBXFileReference; lastKnownFileType = sourcecode.swift; path = "Stylesheet-Extension.swift"; sourceTree = "<group>"; };
		2E7A574E2C48CA8E00DA1C2F /* GeometryInfo.swift */ = {isa = PBXFileReference; lastKnownFileType = sourcecode.swift; path = GeometryInfo.swift; sourceTree = "<group>"; };
		2E7C372F2BFEA30F008D2B68 /* FeatureCollectionView.swift */ = {isa = PBXFileReference; lastKnownFileType = sourcecode.swift; path = FeatureCollectionView.swift; sourceTree = "<group>"; };
		2E8304C72BEFE8A000E90FAA /* Stylesheet+Extensions.swift */ = {isa = PBXFileReference; lastKnownFileType = sourcecode.swift; path = "Stylesheet+Extensions.swift"; sourceTree = "<group>"; };
		2E8304CB2BF28C9600E90FAA /* GeometryFormatter.swift */ = {isa = PBXFileReference; lastKnownFileType = sourcecode.swift; path = GeometryFormatter.swift; sourceTree = "<group>"; };
		2E9F90922C36498700171176 /* StylesheetView.swift */ = {isa = PBXFileReference; lastKnownFileType = sourcecode.swift; path = StylesheetView.swift; sourceTree = "<group>"; };
		2E9F909C2C3765C700171176 /* MicroGIS.app */ = {isa = PBXFileReference; explicitFileType = wrapper.application; includeInIndex = 0; path = MicroGIS.app; sourceTree = BUILT_PRODUCTS_DIR; };
		2E9F909E2C3765C800171176 /* MicroGISApp.swift */ = {isa = PBXFileReference; lastKnownFileType = sourcecode.swift; path = MicroGISApp.swift; sourceTree = "<group>"; };
		2E9F90A02C3765C800171176 /* Persistence.swift */ = {isa = PBXFileReference; lastKnownFileType = sourcecode.swift; path = Persistence.swift; sourceTree = "<group>"; };
		2E9F90A52C3765C800171176 /* ContentView.swift */ = {isa = PBXFileReference; lastKnownFileType = sourcecode.swift; path = ContentView.swift; sourceTree = "<group>"; };
		2E9F90A72C3765CB00171176 /* Assets.xcassets */ = {isa = PBXFileReference; lastKnownFileType = folder.assetcatalog; path = Assets.xcassets; sourceTree = "<group>"; };
		2E9F90A92C3765CB00171176 /* MicroGIS.entitlements */ = {isa = PBXFileReference; lastKnownFileType = text.plist.entitlements; path = MicroGIS.entitlements; sourceTree = "<group>"; };
		2E9F90AB2C3765CB00171176 /* Preview Assets.xcassets */ = {isa = PBXFileReference; lastKnownFileType = folder.assetcatalog; path = "Preview Assets.xcassets"; sourceTree = "<group>"; };
		2E9F90B12C3765CB00171176 /* MicroGISTests.xctest */ = {isa = PBXFileReference; explicitFileType = wrapper.cfbundle; includeInIndex = 0; path = MicroGISTests.xctest; sourceTree = BUILT_PRODUCTS_DIR; };
		2E9F90B52C3765CB00171176 /* MicroGISTests.swift */ = {isa = PBXFileReference; lastKnownFileType = sourcecode.swift; path = MicroGISTests.swift; sourceTree = "<group>"; };
		2E9F90BB2C3765CB00171176 /* MicroGISUITests.xctest */ = {isa = PBXFileReference; explicitFileType = wrapper.cfbundle; includeInIndex = 0; path = MicroGISUITests.xctest; sourceTree = BUILT_PRODUCTS_DIR; };
		2E9F90BF2C3765CB00171176 /* MicroGISUITests.swift */ = {isa = PBXFileReference; lastKnownFileType = sourcecode.swift; path = MicroGISUITests.swift; sourceTree = "<group>"; };
		2E9F90C12C3765CB00171176 /* MicroGISUITestsLaunchTests.swift */ = {isa = PBXFileReference; lastKnownFileType = sourcecode.swift; path = MicroGISUITestsLaunchTests.swift; sourceTree = "<group>"; };
		2EAA233C2B23DD7E00E5F653 /* MicroGISError.swift */ = {isa = PBXFileReference; lastKnownFileType = sourcecode.swift; path = MicroGISError.swift; sourceTree = "<group>"; };
		2EACC0362BE9528B00A7F91A /* MicroGIS-Shared.xcconfig */ = {isa = PBXFileReference; lastKnownFileType = text.xcconfig; path = "MicroGIS-Shared.xcconfig"; sourceTree = "<group>"; };
		2EACC0372BE9528B00A7F91A /* Project-Release.xcconfig */ = {isa = PBXFileReference; lastKnownFileType = text.xcconfig; path = "Project-Release.xcconfig"; sourceTree = "<group>"; };
		2EACC0382BE9528B00A7F91A /* Project-Shared.xcconfig */ = {isa = PBXFileReference; lastKnownFileType = text.xcconfig; path = "Project-Shared.xcconfig"; sourceTree = "<group>"; };
		2EACC0392BE9528B00A7F91A /* MicroGIS-Release.xcconfig */ = {isa = PBXFileReference; lastKnownFileType = text.xcconfig; path = "MicroGIS-Release.xcconfig"; sourceTree = "<group>"; };
		2EACC03A2BE9528B00A7F91A /* Project-Debug.xcconfig */ = {isa = PBXFileReference; lastKnownFileType = text.xcconfig; path = "Project-Debug.xcconfig"; sourceTree = "<group>"; };
		2EACC03B2BE9528B00A7F91A /* MicroGIS-Debug.xcconfig */ = {isa = PBXFileReference; lastKnownFileType = text.xcconfig; path = "MicroGIS-Debug.xcconfig"; sourceTree = "<group>"; };
		2EB8DC472C45C3EA00DE4251 /* FeatureCollectionViewModel.swift */ = {isa = PBXFileReference; lastKnownFileType = sourcecode.swift; path = FeatureCollectionViewModel.swift; sourceTree = "<group>"; };
		2EC443D42B322C4400244326 /* InfoPlist.strings */ = {isa = PBXFileReference; fileEncoding = 4; lastKnownFileType = text.plist.strings; path = InfoPlist.strings; sourceTree = "<group>"; };
		2EC443D82B3E0CB300244326 /* Roadmap and Ideas.md */ = {isa = PBXFileReference; lastKnownFileType = net.daringfireball.markdown; path = "Roadmap and Ideas.md"; sourceTree = "<group>"; };
		2ECB8D692BF958970044F557 /* CoordinateFormatter.swift */ = {isa = PBXFileReference; lastKnownFileType = sourcecode.swift; path = CoordinateFormatter.swift; sourceTree = "<group>"; };
		2ECB8D6B2BF9744F0044F557 /* MRMap.swift */ = {isa = PBXFileReference; lastKnownFileType = sourcecode.swift; path = MRMap.swift; sourceTree = "<group>"; };
		2ECCEB012A9436C4005785FA /* Info.plist */ = {isa = PBXFileReference; lastKnownFileType = text.plist.xml; path = Info.plist; sourceTree = "<group>"; };
		2EDD8F3E2ADE6AF20036F429 /* GeoFeatures */ = {isa = PBXFileReference; lastKnownFileType = wrapper; path = GeoFeatures; sourceTree = "<group>"; };
		2EDE3DD72C64413400A6B847 /* JSONValueFormatter.swift */ = {isa = PBXFileReference; lastKnownFileType = sourcecode.swift; path = JSONValueFormatter.swift; sourceTree = "<group>"; };
		2EF0D1192A9828740018E70D /* README.md */ = {isa = PBXFileReference; lastKnownFileType = net.daringfireball.markdown; path = README.md; sourceTree = "<group>"; };
		2EF0D11A2A9829690018E70D /* COPYING.md */ = {isa = PBXFileReference; lastKnownFileType = net.daringfireball.markdown; path = COPYING.md; sourceTree = "<group>"; };
		2EF0D11B2A9829690018E70D /* LICENSE.md */ = {isa = PBXFileReference; lastKnownFileType = net.daringfireball.markdown; path = LICENSE.md; sourceTree = "<group>"; };
		2EF569D42BCF129600964F85 /* CoreDataGeoObjectCreator.swift */ = {isa = PBXFileReference; fileEncoding = 4; lastKnownFileType = sourcecode.swift; path = CoreDataGeoObjectCreator.swift; sourceTree = "<group>"; };
		2EF569D52BCF129600964F85 /* MicroGISMKGeoJSONFeatureSource.swift */ = {isa = PBXFileReference; fileEncoding = 4; lastKnownFileType = sourcecode.swift; path = MicroGISMKGeoJSONFeatureSource.swift; sourceTree = "<group>"; };
		2EF569D62BCF129600964F85 /* GeoObjectCreator.swift */ = {isa = PBXFileReference; fileEncoding = 4; lastKnownFileType = sourcecode.swift; path = GeoObjectCreator.swift; sourceTree = "<group>"; };
		2EF569D82BCF129700964F85 /* NSManagedObjectID-Extension.swift */ = {isa = PBXFileReference; fileEncoding = 4; lastKnownFileType = sourcecode.swift; path = "NSManagedObjectID-Extension.swift"; sourceTree = "<group>"; };
		2EF569D92BCF129700964F85 /* FeatureCollection-Extension.swift */ = {isa = PBXFileReference; fileEncoding = 4; lastKnownFileType = sourcecode.swift; path = "FeatureCollection-Extension.swift"; sourceTree = "<group>"; };
		2EF569DA2BCF129700964F85 /* Geometry-Extension.swift */ = {isa = PBXFileReference; fileEncoding = 4; lastKnownFileType = sourcecode.swift; path = "Geometry-Extension.swift"; sourceTree = "<group>"; };
		2EF569DB2BCF129700964F85 /* Feature-Extension.swift */ = {isa = PBXFileReference; fileEncoding = 4; lastKnownFileType = sourcecode.swift; path = "Feature-Extension.swift"; sourceTree = "<group>"; };
		2EF569E72BCF133800964F85 /* Document.xcdatamodel */ = {isa = PBXFileReference; lastKnownFileType = wrapper.xcdatamodel; path = Document.xcdatamodel; sourceTree = "<group>"; };
		2EF5CE292C11509A004F5F8E /* GeometriesTable.swift */ = {isa = PBXFileReference; lastKnownFileType = sourcecode.swift; path = GeometriesTable.swift; sourceTree = "<group>"; };
		2EFFD94B2BCF3C5300249DE1 /* CustomLoadingTileOverlay.swift */ = {isa = PBXFileReference; fileEncoding = 4; lastKnownFileType = sourcecode.swift; path = CustomLoadingTileOverlay.swift; sourceTree = "<group>"; };
		2EFFD9622BD07F0500249DE1 /* GeoObjectMKBridge.swift */ = {isa = PBXFileReference; fileEncoding = 4; lastKnownFileType = sourcecode.swift; path = GeoObjectMKBridge.swift; sourceTree = "<group>"; };
/* End PBXFileReference section */

/* Begin PBXFrameworksBuildPhase section */
		2E9F90992C3765C700171176 /* Frameworks */ = {
			isa = PBXFrameworksBuildPhase;
			buildActionMask = 2147483647;
			files = (
				2E2045CF2C560AAF00FF0BFF /* SplitView in Frameworks */,
				2E9F90E52C377BD700171176 /* BinaryCodable in Frameworks */,
			);
			runOnlyForDeploymentPostprocessing = 0;
		};
		2E9F90AE2C3765CB00171176 /* Frameworks */ = {
			isa = PBXFrameworksBuildPhase;
			buildActionMask = 2147483647;
			files = (
			);
			runOnlyForDeploymentPostprocessing = 0;
		};
		2E9F90B82C3765CB00171176 /* Frameworks */ = {
			isa = PBXFrameworksBuildPhase;
			buildActionMask = 2147483647;
			files = (
			);
			runOnlyForDeploymentPostprocessing = 0;
		};
/* End PBXFrameworksBuildPhase section */

/* Begin PBXGroup section */
		2E6243342C273962004218E9 /* GeoShape */ = {
			isa = PBXGroup;
			children = (
				2E6243302C273841004218E9 /* Coordinate3D.swift */,
				2E6243322C27391B004218E9 /* GeoShapes.swift */,
				2E62432C2C2735C4004218E9 /* GeoShapeWrapper.swift */,
				2E62432E2C273611004218E9 /* GeoShapeWrapperTransformer.swift */,
			);
			path = GeoShape;
			sourceTree = "<group>";
		};
		2E6243392C27590D004218E9 /* Features */ = {
			isa = PBXGroup;
			children = (
				2EF569DB2BCF129700964F85 /* Feature-Extension.swift */,
				2E6243372C2758D8004218E9 /* FeatureProperties.swift */,
				2E6243352C275072004218E9 /* FeaturePropertiesTransformer.swift */,
			);
			path = Features;
			sourceTree = "<group>";
		};
		2E7C373D2C011151008D2B68 /* Formatters */ = {
			isa = PBXGroup;
			children = (
				2E8304CB2BF28C9600E90FAA /* GeometryFormatter.swift */,
				2ECB8D692BF958970044F557 /* CoordinateFormatter.swift */,
				2EDE3DD72C64413400A6B847 /* JSONValueFormatter.swift */,
			);
			path = Formatters;
			sourceTree = "<group>";
		};
		2E9F90AA2C3765CB00171176 /* Preview Content */ = {
			isa = PBXGroup;
			children = (
				2E9F90AB2C3765CB00171176 /* Preview Assets.xcassets */,
			);
			path = "Preview Content";
			sourceTree = "<group>";
		};
		2E9F90B42C3765CB00171176 /* MicroGISTests */ = {
			isa = PBXGroup;
			children = (
				2E9F90B52C3765CB00171176 /* MicroGISTests.swift */,
			);
			path = MicroGISTests;
			sourceTree = "<group>";
		};
		2E9F90BE2C3765CB00171176 /* MicroGISUITests */ = {
			isa = PBXGroup;
			children = (
				2E9F90BF2C3765CB00171176 /* MicroGISUITests.swift */,
				2E9F90C12C3765CB00171176 /* MicroGISUITestsLaunchTests.swift */,
			);
			path = MicroGISUITests;
			sourceTree = "<group>";
		};
		2EACC0352BE9528B00A7F91A /* xcconfig */ = {
			isa = PBXGroup;
			children = (
				2EACC0362BE9528B00A7F91A /* MicroGIS-Shared.xcconfig */,
				2EACC0372BE9528B00A7F91A /* Project-Release.xcconfig */,
				2EACC0382BE9528B00A7F91A /* Project-Shared.xcconfig */,
				2EACC0392BE9528B00A7F91A /* MicroGIS-Release.xcconfig */,
				2EACC03A2BE9528B00A7F91A /* Project-Debug.xcconfig */,
				2EACC03B2BE9528B00A7F91A /* MicroGIS-Debug.xcconfig */,
			);
			path = xcconfig;
			sourceTree = "<group>";
		};
		2ECCEAE72A9436C0005785FA = {
			isa = PBXGroup;
			children = (
				2EF0D11A2A9829690018E70D /* COPYING.md */,
				2EF0D11B2A9829690018E70D /* LICENSE.md */,
				2EF0D1192A9828740018E70D /* README.md */,
				2EC443D82B3E0CB300244326 /* Roadmap and Ideas.md */,
				2EACC0352BE9528B00A7F91A /* xcconfig */,
				2ECCEAF22A9436C0005785FA /* MicroGIS */,
				2E9F90B42C3765CB00171176 /* MicroGISTests */,
				2E9F90BE2C3765CB00171176 /* MicroGISUITests */,
				2ECCEAF12A9436C0005785FA /* Products */,
				2EF33E642ADF0077004C750F /* Frameworks */,
				2EDD8F3E2ADE6AF20036F429 /* GeoFeatures */,
			);
			sourceTree = "<group>";
		};
		2ECCEAF12A9436C0005785FA /* Products */ = {
			isa = PBXGroup;
			children = (
				2E9F909C2C3765C700171176 /* MicroGIS.app */,
				2E9F90B12C3765CB00171176 /* MicroGISTests.xctest */,
				2E9F90BB2C3765CB00171176 /* MicroGISUITests.xctest */,
			);
			name = Products;
			sourceTree = "<group>";
		};
		2ECCEAF22A9436C0005785FA /* MicroGIS */ = {
			isa = PBXGroup;
			children = (
				2E9F90A72C3765CB00171176 /* Assets.xcassets */,
				2ECCEB012A9436C4005785FA /* Info.plist */,
				2EC443D42B322C4400244326 /* InfoPlist.strings */,
				2E9F90A92C3765CB00171176 /* MicroGIS.entitlements */,
				2E9F909E2C3765C800171176 /* MicroGISApp.swift */,
				2E9F90A02C3765C800171176 /* Persistence.swift */,
				2E9F90A52C3765C800171176 /* ContentView.swift */,
				2EAA233C2B23DD7E00E5F653 /* MicroGISError.swift */,
				2EF569D72BCF129700964F85 /* Model */,
				2EE770192B2FBE1F00E67B56 /* Display Features */,
				2EF5CE282C115077004F5F8E /* Display Geometries */,
				2EE7701A2B2FBE5300E67B56 /* Map View */,
				2E7C373D2C011151008D2B68 /* Formatters */,
				2E9F90922C36498700171176 /* StylesheetView.swift */,
				2E9F90AA2C3765CB00171176 /* Preview Content */,
			);
			path = MicroGIS;
			sourceTree = "<group>";
		};
		2ED21C032C2E338900B739B3 /* Styles */ = {
			isa = PBXGroup;
			children = (
				2E8304C72BEFE8A000E90FAA /* Stylesheet+Extensions.swift */,
			);
			path = Styles;
			sourceTree = "<group>";
		};
		2EE770192B2FBE1F00E67B56 /* Display Features */ = {
			isa = PBXGroup;
			children = (
				2E7C372F2BFEA30F008D2B68 /* FeatureCollectionView.swift */,
				2EB8DC472C45C3EA00DE4251 /* FeatureCollectionViewModel.swift */,
			);
			path = "Display Features";
			sourceTree = "<group>";
		};
		2EE7701A2B2FBE5300E67B56 /* Map View */ = {
			isa = PBXGroup;
			children = (
				2ECB8D6B2BF9744F0044F557 /* MRMap.swift */,
				2EFFD9622BD07F0500249DE1 /* GeoObjectMKBridge.swift */,
				2EFFD94B2BCF3C5300249DE1 /* CustomLoadingTileOverlay.swift */,
				2ED21C032C2E338900B739B3 /* Styles */,
			);
			path = "Map View";
			sourceTree = "<group>";
		};
		2EF33E642ADF0077004C750F /* Frameworks */ = {
			isa = PBXGroup;
			children = (
			);
			name = Frameworks;
			sourceTree = "<group>";
		};
		2EF569D32BCF129600964F85 /* ImportGeoObjects */ = {
			isa = PBXGroup;
			children = (
				2EF569D62BCF129600964F85 /* GeoObjectCreator.swift */,
				2EF569D42BCF129600964F85 /* CoreDataGeoObjectCreator.swift */,
				2EF569D52BCF129600964F85 /* MicroGISMKGeoJSONFeatureSource.swift */,
			);
			path = ImportGeoObjects;
			sourceTree = "<group>";
		};
		2EF569D72BCF129700964F85 /* Model */ = {
			isa = PBXGroup;
			children = (
				2EF569E62BCF133700964F85 /* MicroGIS.xcdatamodeld */,
				2EF569D82BCF129700964F85 /* NSManagedObjectID-Extension.swift */,
				2EF569D92BCF129700964F85 /* FeatureCollection-Extension.swift */,
				2EF569DA2BCF129700964F85 /* Geometry-Extension.swift */,
				2E79D5792C3B4E6600D115FB /* Stylesheet-Extension.swift */,
				2E6243392C27590D004218E9 /* Features */,
				2EF569D32BCF129600964F85 /* ImportGeoObjects */,
				2E6243342C273962004218E9 /* GeoShape */,
			);
			path = Model;
			sourceTree = "<group>";
		};
		2EF5CE282C115077004F5F8E /* Display Geometries */ = {
			isa = PBXGroup;
			children = (
				2E7A574E2C48CA8E00DA1C2F /* GeometryInfo.swift */,
				2EF5CE292C11509A004F5F8E /* GeometriesTable.swift */,
			);
			path = "Display Geometries";
			sourceTree = "<group>";
		};
/* End PBXGroup section */

/* Begin PBXNativeTarget section */
		2E9F909B2C3765C700171176 /* MicroGIS */ = {
			isa = PBXNativeTarget;
			buildConfigurationList = 2E9F90C32C3765CC00171176 /* Build configuration list for PBXNativeTarget "MicroGIS" */;
			buildPhases = (
				2E9F90982C3765C700171176 /* Sources */,
				2E9F90992C3765C700171176 /* Frameworks */,
				2E9F909A2C3765C700171176 /* Resources */,
			);
			buildRules = (
			);
			dependencies = (
			);
			name = MicroGIS;
			packageProductDependencies = (
				2E9F90E42C377BD700171176 /* BinaryCodable */,
				2E2045CE2C560AAF00FF0BFF /* SplitView */,
			);
			productName = MicroGIS;
			productReference = 2E9F909C2C3765C700171176 /* MicroGIS.app */;
			productType = "com.apple.product-type.application";
		};
		2E9F90B02C3765CB00171176 /* MicroGISTests */ = {
			isa = PBXNativeTarget;
			buildConfigurationList = 2E9F90C62C3765CC00171176 /* Build configuration list for PBXNativeTarget "MicroGISTests" */;
			buildPhases = (
				2E9F90AD2C3765CB00171176 /* Sources */,
				2E9F90AE2C3765CB00171176 /* Frameworks */,
				2E9F90AF2C3765CB00171176 /* Resources */,
			);
			buildRules = (
			);
			dependencies = (
				2E9F90B32C3765CB00171176 /* PBXTargetDependency */,
			);
			name = MicroGISTests;
			productName = MicroGISTests;
			productReference = 2E9F90B12C3765CB00171176 /* MicroGISTests.xctest */;
			productType = "com.apple.product-type.bundle.unit-test";
		};
		2E9F90BA2C3765CB00171176 /* MicroGISUITests */ = {
			isa = PBXNativeTarget;
			buildConfigurationList = 2E9F90C92C3765CC00171176 /* Build configuration list for PBXNativeTarget "MicroGISUITests" */;
			buildPhases = (
				2E9F90B72C3765CB00171176 /* Sources */,
				2E9F90B82C3765CB00171176 /* Frameworks */,
				2E9F90B92C3765CB00171176 /* Resources */,
			);
			buildRules = (
			);
			dependencies = (
				2E9F90BD2C3765CB00171176 /* PBXTargetDependency */,
			);
			name = MicroGISUITests;
			productName = MicroGISUITests;
			productReference = 2E9F90BB2C3765CB00171176 /* MicroGISUITests.xctest */;
			productType = "com.apple.product-type.bundle.ui-testing";
		};
/* End PBXNativeTarget section */

/* Begin PBXProject section */
		2ECCEAE82A9436C0005785FA /* Project object */ = {
			isa = PBXProject;
			attributes = {
				BuildIndependentTargetsInParallel = 1;
				LastSwiftUpdateCheck = 1520;
				LastUpgradeCheck = 1500;
				TargetAttributes = {
					2E9F909B2C3765C700171176 = {
						CreatedOnToolsVersion = 15.2;
					};
					2E9F90B02C3765CB00171176 = {
						CreatedOnToolsVersion = 15.2;
						TestTargetID = 2E9F909B2C3765C700171176;
					};
					2E9F90BA2C3765CB00171176 = {
						CreatedOnToolsVersion = 15.2;
						TestTargetID = 2E9F909B2C3765C700171176;
					};
				};
			};
			buildConfigurationList = 2ECCEAEB2A9436C0005785FA /* Build configuration list for PBXProject "MicroGIS" */;
			compatibilityVersion = "Xcode 14.0";
			developmentRegion = en;
			hasScannedForEncodings = 0;
			knownRegions = (
				en,
				Base,
			);
			mainGroup = 2ECCEAE72A9436C0005785FA;
			packageReferences = (
				2EF569F32BCF2F4E00964F85 /* XCRemoteSwiftPackageReference "BinaryCodable" */,
				2E2045CD2C559C0600FF0BFF /* XCRemoteSwiftPackageReference "SplitView" */,
			);
			productRefGroup = 2ECCEAF12A9436C0005785FA /* Products */;
			projectDirPath = "";
			projectRoot = "";
			targets = (
				2E9F909B2C3765C700171176 /* MicroGIS */,
				2E9F90B02C3765CB00171176 /* MicroGISTests */,
				2E9F90BA2C3765CB00171176 /* MicroGISUITests */,
			);
		};
/* End PBXProject section */

/* Begin PBXResourcesBuildPhase section */
		2E9F909A2C3765C700171176 /* Resources */ = {
			isa = PBXResourcesBuildPhase;
			buildActionMask = 2147483647;
			files = (
				2E9F90AC2C3765CB00171176 /* Preview Assets.xcassets in Resources */,
				2ECF8C522C67514D003A76B6 /* InfoPlist.strings in Resources */,
				2E9F90A82C3765CB00171176 /* Assets.xcassets in Resources */,
			);
			runOnlyForDeploymentPostprocessing = 0;
		};
		2E9F90AF2C3765CB00171176 /* Resources */ = {
			isa = PBXResourcesBuildPhase;
			buildActionMask = 2147483647;
			files = (
			);
			runOnlyForDeploymentPostprocessing = 0;
		};
		2E9F90B92C3765CB00171176 /* Resources */ = {
			isa = PBXResourcesBuildPhase;
			buildActionMask = 2147483647;
			files = (
			);
			runOnlyForDeploymentPostprocessing = 0;
		};
/* End PBXResourcesBuildPhase section */

/* Begin PBXSourcesBuildPhase section */
		2E9F90982C3765C700171176 /* Sources */ = {
			isa = PBXSourcesBuildPhase;
			buildActionMask = 2147483647;
			files = (
				2EB8DC482C45C3EA00DE4251 /* FeatureCollectionViewModel.swift in Sources */,
				2E9F90D52C377A4800171176 /* MicroGISMKGeoJSONFeatureSource.swift in Sources */,
				2E9F909F2C3765C800171176 /* MicroGISApp.swift in Sources */,
				2E9F90D92C377A5D00171176 /* Coordinate3D.swift in Sources */,
				2E9F90D72C377A5500171176 /* GeometriesTable.swift in Sources */,
				2E9F90CE2C377A3900171176 /* Geometry-Extension.swift in Sources */,
				2E79D57B2C3B4E6600D115FB /* Stylesheet-Extension.swift in Sources */,
				2E9F90E12C377A8600171176 /* Stylesheet+Extensions.swift in Sources */,
				2E9F90DB2C377A5D00171176 /* GeoShapeWrapper.swift in Sources */,
				2E9F90D42C377A4800171176 /* CoreDataGeoObjectCreator.swift in Sources */,
				2E9F90D12C377A3900171176 /* FeaturePropertiesTransformer.swift in Sources */,
				2E9F90D82C377A5D00171176 /* GeoShapeWrapperTransformer.swift in Sources */,
				2E9F90DC2C377A6F00171176 /* FeatureCollectionView.swift in Sources */,
				2E9F90DF2C377A7900171176 /* GeoObjectMKBridge.swift in Sources */,
				2E9F90A12C3765C800171176 /* Persistence.swift in Sources */,
				2E9F90D22C377A3900171176 /* NSManagedObjectID-Extension.swift in Sources */,
				2E9F90DD2C377A7300171176 /* StylesheetView.swift in Sources */,
				2E7A574F2C48CA8E00DA1C2F /* GeometryInfo.swift in Sources */,
				2E9F90D02C377A3900171176 /* FeatureProperties.swift in Sources */,
				2E9F90DA2C377A5D00171176 /* GeoShapes.swift in Sources */,
				2E9F90CF2C377A3900171176 /* Feature-Extension.swift in Sources */,
				2E9F90D62C377A5000171176 /* MicroGISError.swift in Sources */,
				2E9F90CC2C37757600171176 /* MicroGIS.xcdatamodeld in Sources */,
				2E9F90E22C377AB000171176 /* CoordinateFormatter.swift in Sources */,
				2E9F90E02C377A7900171176 /* MRMap.swift in Sources */,
				2E9F90DE2C377A7900171176 /* CustomLoadingTileOverlay.swift in Sources */,
				2EDE3DD92C64413400A6B847 /* JSONValueFormatter.swift in Sources */,
				2E9F90E32C377B7800171176 /* GeometryFormatter.swift in Sources */,
				2E9F90CD2C377A3900171176 /* FeatureCollection-Extension.swift in Sources */,
				2E9F90D32C377A4800171176 /* GeoObjectCreator.swift in Sources */,
				2E9F90A62C3765C800171176 /* ContentView.swift in Sources */,
			);
			runOnlyForDeploymentPostprocessing = 0;
		};
		2E9F90AD2C3765CB00171176 /* Sources */ = {
			isa = PBXSourcesBuildPhase;
			buildActionMask = 2147483647;
			files = (
				2E9F90B62C3765CB00171176 /* MicroGISTests.swift in Sources */,
			);
			runOnlyForDeploymentPostprocessing = 0;
		};
		2E9F90B72C3765CB00171176 /* Sources */ = {
			isa = PBXSourcesBuildPhase;
			buildActionMask = 2147483647;
			files = (
				2E9F90C22C3765CC00171176 /* MicroGISUITestsLaunchTests.swift in Sources */,
				2E9F90C02C3765CB00171176 /* MicroGISUITests.swift in Sources */,
			);
			runOnlyForDeploymentPostprocessing = 0;
		};
/* End PBXSourcesBuildPhase section */

/* Begin PBXTargetDependency section */
		2E9F90B32C3765CB00171176 /* PBXTargetDependency */ = {
			isa = PBXTargetDependency;
			target = 2E9F909B2C3765C700171176 /* MicroGIS */;
			targetProxy = 2E9F90B22C3765CB00171176 /* PBXContainerItemProxy */;
		};
		2E9F90BD2C3765CB00171176 /* PBXTargetDependency */ = {
			isa = PBXTargetDependency;
			target = 2E9F909B2C3765C700171176 /* MicroGIS */;
			targetProxy = 2E9F90BC2C3765CB00171176 /* PBXContainerItemProxy */;
		};
/* End PBXTargetDependency section */

/* Begin XCBuildConfiguration section */
		2E9F90C42C3765CC00171176 /* Debug */ = {
			isa = XCBuildConfiguration;
			buildSettings = {
				ALWAYS_SEARCH_USER_PATHS = NO;
				ASSETCATALOG_COMPILER_APPICON_NAME = AppIcon;
				ASSETCATALOG_COMPILER_GENERATE_SWIFT_ASSET_SYMBOL_EXTENSIONS = YES;
				ASSETCATALOG_COMPILER_GLOBAL_ACCENT_COLOR_NAME = AccentColor;
				ASSETCATALOG_COMPILER_INCLUDE_ALL_APPICON_ASSETS = YES;
				CLANG_ANALYZER_NONNULL = YES;
				CLANG_ANALYZER_NUMBER_OBJECT_CONVERSION = YES_AGGRESSIVE;
				CLANG_CXX_LANGUAGE_STANDARD = "gnu++20";
				CLANG_ENABLE_MODULES = YES;
				CLANG_ENABLE_OBJC_ARC = YES;
				CLANG_ENABLE_OBJC_WEAK = YES;
				CLANG_WARN_BLOCK_CAPTURE_AUTORELEASING = YES;
				CLANG_WARN_BOOL_CONVERSION = YES;
				CLANG_WARN_COMMA = YES;
				CLANG_WARN_CONSTANT_CONVERSION = YES;
				CLANG_WARN_DEPRECATED_OBJC_IMPLEMENTATIONS = YES;
				CLANG_WARN_DIRECT_OBJC_ISA_USAGE = YES_ERROR;
				CLANG_WARN_DOCUMENTATION_COMMENTS = YES;
				CLANG_WARN_EMPTY_BODY = YES;
				CLANG_WARN_ENUM_CONVERSION = YES;
				CLANG_WARN_INFINITE_RECURSION = YES;
				CLANG_WARN_INT_CONVERSION = YES;
				CLANG_WARN_NON_LITERAL_NULL_CONVERSION = YES;
				CLANG_WARN_OBJC_IMPLICIT_RETAIN_SELF = YES;
				CLANG_WARN_OBJC_LITERAL_CONVERSION = YES;
				CLANG_WARN_OBJC_ROOT_CLASS = YES_ERROR;
				CLANG_WARN_QUOTED_INCLUDE_IN_FRAMEWORK_HEADER = YES;
				CLANG_WARN_RANGE_LOOP_ANALYSIS = YES;
				CLANG_WARN_STRICT_PROTOTYPES = YES;
				CLANG_WARN_SUSPICIOUS_MOVE = YES;
				CLANG_WARN_UNGUARDED_AVAILABILITY = YES_AGGRESSIVE;
				CLANG_WARN_UNREACHABLE_CODE = YES;
				CLANG_WARN__DUPLICATE_METHOD_MATCH = YES;
				CODE_SIGN_ENTITLEMENTS = MicroGIS/MicroGIS.entitlements;
				"CODE_SIGN_IDENTITY[sdk=macosx*]" = "Apple Development";
				CODE_SIGN_STYLE = Automatic;
				COPY_PHASE_STRIP = NO;
				CURRENT_PROJECT_VERSION = 1;
				DEBUG_INFORMATION_FORMAT = dwarf;
				DEVELOPMENT_ASSET_PATHS = "\"MicroGIS/Preview Content\"";
				DEVELOPMENT_TEAM = MYU6NE7WY6;
				ENABLE_HARDENED_RUNTIME = YES;
				"ENABLE_HARDENED_RUNTIME[sdk=macosx*]" = YES;
				ENABLE_PREVIEWS = YES;
				ENABLE_STRICT_OBJC_MSGSEND = YES;
				ENABLE_TESTABILITY = YES;
				ENABLE_USER_SCRIPT_SANDBOXING = YES;
				GCC_C_LANGUAGE_STANDARD = gnu17;
				GCC_DYNAMIC_NO_PIC = NO;
				GCC_NO_COMMON_BLOCKS = YES;
				GCC_OPTIMIZATION_LEVEL = 0;
				GCC_PREPROCESSOR_DEFINITIONS = (
					"DEBUG=1",
					"$(inherited)",
				);
				GCC_WARN_64_TO_32_BIT_CONVERSION = YES;
				GCC_WARN_ABOUT_RETURN_TYPE = YES_ERROR;
				GCC_WARN_UNDECLARED_SELECTOR = YES;
				GCC_WARN_UNINITIALIZED_AUTOS = YES_AGGRESSIVE;
				GCC_WARN_UNUSED_FUNCTION = YES;
				GCC_WARN_UNUSED_VARIABLE = YES;
				GENERATE_INFOPLIST_FILE = YES;
				INFOPLIST_KEY_LSApplicationCategoryType = "public.app-category.developer-tools";
				"INFOPLIST_KEY_UIApplicationSceneManifest_Generation[sdk=iphoneos*]" = YES;
				"INFOPLIST_KEY_UIApplicationSceneManifest_Generation[sdk=iphonesimulator*]" = YES;
				"INFOPLIST_KEY_UIApplicationSupportsIndirectInputEvents[sdk=iphoneos*]" = YES;
				"INFOPLIST_KEY_UIApplicationSupportsIndirectInputEvents[sdk=iphonesimulator*]" = YES;
				"INFOPLIST_KEY_UILaunchScreen_Generation[sdk=iphoneos*]" = YES;
				"INFOPLIST_KEY_UILaunchScreen_Generation[sdk=iphonesimulator*]" = YES;
				"INFOPLIST_KEY_UIStatusBarStyle[sdk=iphoneos*]" = UIStatusBarStyleDefault;
				"INFOPLIST_KEY_UIStatusBarStyle[sdk=iphonesimulator*]" = UIStatusBarStyleDefault;
				INFOPLIST_KEY_UISupportedInterfaceOrientations_iPad = "UIInterfaceOrientationPortrait UIInterfaceOrientationPortraitUpsideDown UIInterfaceOrientationLandscapeLeft UIInterfaceOrientationLandscapeRight";
				INFOPLIST_KEY_UISupportedInterfaceOrientations_iPhone = "UIInterfaceOrientationPortrait UIInterfaceOrientationLandscapeLeft UIInterfaceOrientationLandscapeRight";
				IPHONEOS_DEPLOYMENT_TARGET = 16.6;
				LD_RUNPATH_SEARCH_PATHS = "@executable_path/Frameworks";
				"LD_RUNPATH_SEARCH_PATHS[sdk=macosx*]" = "@executable_path/../Frameworks";
				LOCALIZATION_PREFERS_STRING_CATALOGS = YES;
				MACOSX_DEPLOYMENT_TARGET = 13.5;
				MARKETING_VERSION = 1.0;
				MTL_ENABLE_DEBUG_INFO = INCLUDE_SOURCE;
				MTL_FAST_MATH = YES;
				ONLY_ACTIVE_ARCH = YES;
				PRODUCT_BUNDLE_IDENTIFIER = "org.appel-rockhold.MicroGIS";
				PRODUCT_NAME = "$(TARGET_NAME)";
				SDKROOT = auto;
				SUPPORTED_PLATFORMS = "iphoneos iphonesimulator macosx";
				SWIFT_ACTIVE_COMPILATION_CONDITIONS = "DEBUG $(inherited) NO_TABLECOLUMNFOREACH";
				SWIFT_EMIT_LOC_STRINGS = YES;
				SWIFT_OPTIMIZATION_LEVEL = "-Onone";
				SWIFT_VERSION = 5.0;
				TARGETED_DEVICE_FAMILY = "1,2";
			};
			name = Debug;
		};
		2E9F90C52C3765CC00171176 /* Release */ = {
			isa = XCBuildConfiguration;
			buildSettings = {
				ALWAYS_SEARCH_USER_PATHS = NO;
				ASSETCATALOG_COMPILER_APPICON_NAME = AppIcon;
				ASSETCATALOG_COMPILER_GENERATE_SWIFT_ASSET_SYMBOL_EXTENSIONS = YES;
				ASSETCATALOG_COMPILER_GLOBAL_ACCENT_COLOR_NAME = AccentColor;
				ASSETCATALOG_COMPILER_INCLUDE_ALL_APPICON_ASSETS = YES;
				CLANG_ANALYZER_NONNULL = YES;
				CLANG_ANALYZER_NUMBER_OBJECT_CONVERSION = YES_AGGRESSIVE;
				CLANG_CXX_LANGUAGE_STANDARD = "gnu++20";
				CLANG_ENABLE_MODULES = YES;
				CLANG_ENABLE_OBJC_ARC = YES;
				CLANG_ENABLE_OBJC_WEAK = YES;
				CLANG_WARN_BLOCK_CAPTURE_AUTORELEASING = YES;
				CLANG_WARN_BOOL_CONVERSION = YES;
				CLANG_WARN_COMMA = YES;
				CLANG_WARN_CONSTANT_CONVERSION = YES;
				CLANG_WARN_DEPRECATED_OBJC_IMPLEMENTATIONS = YES;
				CLANG_WARN_DIRECT_OBJC_ISA_USAGE = YES_ERROR;
				CLANG_WARN_DOCUMENTATION_COMMENTS = YES;
				CLANG_WARN_EMPTY_BODY = YES;
				CLANG_WARN_ENUM_CONVERSION = YES;
				CLANG_WARN_INFINITE_RECURSION = YES;
				CLANG_WARN_INT_CONVERSION = YES;
				CLANG_WARN_NON_LITERAL_NULL_CONVERSION = YES;
				CLANG_WARN_OBJC_IMPLICIT_RETAIN_SELF = YES;
				CLANG_WARN_OBJC_LITERAL_CONVERSION = YES;
				CLANG_WARN_OBJC_ROOT_CLASS = YES_ERROR;
				CLANG_WARN_QUOTED_INCLUDE_IN_FRAMEWORK_HEADER = YES;
				CLANG_WARN_RANGE_LOOP_ANALYSIS = YES;
				CLANG_WARN_STRICT_PROTOTYPES = YES;
				CLANG_WARN_SUSPICIOUS_MOVE = YES;
				CLANG_WARN_UNGUARDED_AVAILABILITY = YES_AGGRESSIVE;
				CLANG_WARN_UNREACHABLE_CODE = YES;
				CLANG_WARN__DUPLICATE_METHOD_MATCH = YES;
				CODE_SIGN_ENTITLEMENTS = MicroGIS/MicroGIS.entitlements;
				"CODE_SIGN_IDENTITY[sdk=macosx*]" = "Apple Development";
				CODE_SIGN_STYLE = Automatic;
				COPY_PHASE_STRIP = NO;
				CURRENT_PROJECT_VERSION = 1;
				DEBUG_INFORMATION_FORMAT = "dwarf-with-dsym";
				DEVELOPMENT_ASSET_PATHS = "\"MicroGIS/Preview Content\"";
				DEVELOPMENT_TEAM = MYU6NE7WY6;
				ENABLE_HARDENED_RUNTIME = YES;
				"ENABLE_HARDENED_RUNTIME[sdk=macosx*]" = YES;
				ENABLE_NS_ASSERTIONS = NO;
				ENABLE_PREVIEWS = YES;
				ENABLE_STRICT_OBJC_MSGSEND = YES;
				ENABLE_USER_SCRIPT_SANDBOXING = YES;
				GCC_C_LANGUAGE_STANDARD = gnu17;
				GCC_NO_COMMON_BLOCKS = YES;
				GCC_WARN_64_TO_32_BIT_CONVERSION = YES;
				GCC_WARN_ABOUT_RETURN_TYPE = YES_ERROR;
				GCC_WARN_UNDECLARED_SELECTOR = YES;
				GCC_WARN_UNINITIALIZED_AUTOS = YES_AGGRESSIVE;
				GCC_WARN_UNUSED_FUNCTION = YES;
				GCC_WARN_UNUSED_VARIABLE = YES;
				GENERATE_INFOPLIST_FILE = YES;
				INFOPLIST_KEY_LSApplicationCategoryType = "public.app-category.developer-tools";
				"INFOPLIST_KEY_UIApplicationSceneManifest_Generation[sdk=iphoneos*]" = YES;
				"INFOPLIST_KEY_UIApplicationSceneManifest_Generation[sdk=iphonesimulator*]" = YES;
				"INFOPLIST_KEY_UIApplicationSupportsIndirectInputEvents[sdk=iphoneos*]" = YES;
				"INFOPLIST_KEY_UIApplicationSupportsIndirectInputEvents[sdk=iphonesimulator*]" = YES;
				"INFOPLIST_KEY_UILaunchScreen_Generation[sdk=iphoneos*]" = YES;
				"INFOPLIST_KEY_UILaunchScreen_Generation[sdk=iphonesimulator*]" = YES;
				"INFOPLIST_KEY_UIStatusBarStyle[sdk=iphoneos*]" = UIStatusBarStyleDefault;
				"INFOPLIST_KEY_UIStatusBarStyle[sdk=iphonesimulator*]" = UIStatusBarStyleDefault;
				INFOPLIST_KEY_UISupportedInterfaceOrientations_iPad = "UIInterfaceOrientationPortrait UIInterfaceOrientationPortraitUpsideDown UIInterfaceOrientationLandscapeLeft UIInterfaceOrientationLandscapeRight";
				INFOPLIST_KEY_UISupportedInterfaceOrientations_iPhone = "UIInterfaceOrientationPortrait UIInterfaceOrientationLandscapeLeft UIInterfaceOrientationLandscapeRight";
				IPHONEOS_DEPLOYMENT_TARGET = 16.6;
				LD_RUNPATH_SEARCH_PATHS = "@executable_path/Frameworks";
				"LD_RUNPATH_SEARCH_PATHS[sdk=macosx*]" = "@executable_path/../Frameworks";
				LOCALIZATION_PREFERS_STRING_CATALOGS = YES;
				MACOSX_DEPLOYMENT_TARGET = 13.5;
				MARKETING_VERSION = 1.0;
				MTL_ENABLE_DEBUG_INFO = NO;
				MTL_FAST_MATH = YES;
				PRODUCT_BUNDLE_IDENTIFIER = "org.appel-rockhold.MicroGIS";
				PRODUCT_NAME = "$(TARGET_NAME)";
				SDKROOT = auto;
				SUPPORTED_PLATFORMS = "iphoneos iphonesimulator macosx";
				SWIFT_ACTIVE_COMPILATION_CONDITIONS = NO_TABLECOLUMNFOREACH;
				SWIFT_COMPILATION_MODE = wholemodule;
				SWIFT_EMIT_LOC_STRINGS = YES;
				SWIFT_VERSION = 5.0;
				TARGETED_DEVICE_FAMILY = "1,2";
			};
			name = Release;
		};
		2E9F90C72C3765CC00171176 /* Debug */ = {
			isa = XCBuildConfiguration;
			buildSettings = {
				ALWAYS_EMBED_SWIFT_STANDARD_LIBRARIES = YES;
				ALWAYS_SEARCH_USER_PATHS = NO;
				ASSETCATALOG_COMPILER_GENERATE_SWIFT_ASSET_SYMBOL_EXTENSIONS = YES;
				BUNDLE_LOADER = "$(TEST_HOST)";
				CLANG_ANALYZER_NONNULL = YES;
				CLANG_ANALYZER_NUMBER_OBJECT_CONVERSION = YES_AGGRESSIVE;
				CLANG_CXX_LANGUAGE_STANDARD = "gnu++20";
				CLANG_ENABLE_MODULES = YES;
				CLANG_ENABLE_OBJC_ARC = YES;
				CLANG_ENABLE_OBJC_WEAK = YES;
				CLANG_WARN_BLOCK_CAPTURE_AUTORELEASING = YES;
				CLANG_WARN_BOOL_CONVERSION = YES;
				CLANG_WARN_COMMA = YES;
				CLANG_WARN_CONSTANT_CONVERSION = YES;
				CLANG_WARN_DEPRECATED_OBJC_IMPLEMENTATIONS = YES;
				CLANG_WARN_DIRECT_OBJC_ISA_USAGE = YES_ERROR;
				CLANG_WARN_DOCUMENTATION_COMMENTS = YES;
				CLANG_WARN_EMPTY_BODY = YES;
				CLANG_WARN_ENUM_CONVERSION = YES;
				CLANG_WARN_INFINITE_RECURSION = YES;
				CLANG_WARN_INT_CONVERSION = YES;
				CLANG_WARN_NON_LITERAL_NULL_CONVERSION = YES;
				CLANG_WARN_OBJC_IMPLICIT_RETAIN_SELF = YES;
				CLANG_WARN_OBJC_LITERAL_CONVERSION = YES;
				CLANG_WARN_OBJC_ROOT_CLASS = YES_ERROR;
				CLANG_WARN_QUOTED_INCLUDE_IN_FRAMEWORK_HEADER = YES;
				CLANG_WARN_RANGE_LOOP_ANALYSIS = YES;
				CLANG_WARN_STRICT_PROTOTYPES = YES;
				CLANG_WARN_SUSPICIOUS_MOVE = YES;
				CLANG_WARN_UNGUARDED_AVAILABILITY = YES_AGGRESSIVE;
				CLANG_WARN_UNREACHABLE_CODE = YES;
				CLANG_WARN__DUPLICATE_METHOD_MATCH = YES;
				CODE_SIGN_STYLE = Automatic;
				COPY_PHASE_STRIP = NO;
				CURRENT_PROJECT_VERSION = 1;
				DEBUG_INFORMATION_FORMAT = dwarf;
				DEVELOPMENT_TEAM = MYU6NE7WY6;
				ENABLE_STRICT_OBJC_MSGSEND = YES;
				ENABLE_TESTABILITY = YES;
				ENABLE_USER_SCRIPT_SANDBOXING = YES;
				GCC_C_LANGUAGE_STANDARD = gnu17;
				GCC_DYNAMIC_NO_PIC = NO;
				GCC_NO_COMMON_BLOCKS = YES;
				GCC_OPTIMIZATION_LEVEL = 0;
				GCC_PREPROCESSOR_DEFINITIONS = (
					"DEBUG=1",
					"$(inherited)",
				);
				GCC_WARN_64_TO_32_BIT_CONVERSION = YES;
				GCC_WARN_ABOUT_RETURN_TYPE = YES_ERROR;
				GCC_WARN_UNDECLARED_SELECTOR = YES;
				GCC_WARN_UNINITIALIZED_AUTOS = YES_AGGRESSIVE;
				GCC_WARN_UNUSED_FUNCTION = YES;
				GCC_WARN_UNUSED_VARIABLE = YES;
				GENERATE_INFOPLIST_FILE = YES;
				IPHONEOS_DEPLOYMENT_TARGET = 17.2;
				LOCALIZATION_PREFERS_STRING_CATALOGS = YES;
				MACOSX_DEPLOYMENT_TARGET = 13.6;
				MARKETING_VERSION = 1.0;
				MTL_ENABLE_DEBUG_INFO = INCLUDE_SOURCE;
				MTL_FAST_MATH = YES;
				ONLY_ACTIVE_ARCH = YES;
				PRODUCT_BUNDLE_IDENTIFIER = "org.appel-rockhold.MicroGISTests";
				PRODUCT_NAME = "$(TARGET_NAME)";
				SDKROOT = auto;
				SUPPORTED_PLATFORMS = "iphoneos iphonesimulator macosx";
				SWIFT_ACTIVE_COMPILATION_CONDITIONS = "DEBUG $(inherited)";
				SWIFT_EMIT_LOC_STRINGS = NO;
				SWIFT_OPTIMIZATION_LEVEL = "-Onone";
				SWIFT_VERSION = 5.0;
				TARGETED_DEVICE_FAMILY = "1,2";
				TEST_HOST = "$(BUILT_PRODUCTS_DIR)/MicroGIS.app/$(BUNDLE_EXECUTABLE_FOLDER_PATH)/MicroGIS";
			};
			name = Debug;
		};
		2E9F90C82C3765CC00171176 /* Release */ = {
			isa = XCBuildConfiguration;
			buildSettings = {
				ALWAYS_EMBED_SWIFT_STANDARD_LIBRARIES = YES;
				ALWAYS_SEARCH_USER_PATHS = NO;
				ASSETCATALOG_COMPILER_GENERATE_SWIFT_ASSET_SYMBOL_EXTENSIONS = YES;
				BUNDLE_LOADER = "$(TEST_HOST)";
				CLANG_ANALYZER_NONNULL = YES;
				CLANG_ANALYZER_NUMBER_OBJECT_CONVERSION = YES_AGGRESSIVE;
				CLANG_CXX_LANGUAGE_STANDARD = "gnu++20";
				CLANG_ENABLE_MODULES = YES;
				CLANG_ENABLE_OBJC_ARC = YES;
				CLANG_ENABLE_OBJC_WEAK = YES;
				CLANG_WARN_BLOCK_CAPTURE_AUTORELEASING = YES;
				CLANG_WARN_BOOL_CONVERSION = YES;
				CLANG_WARN_COMMA = YES;
				CLANG_WARN_CONSTANT_CONVERSION = YES;
				CLANG_WARN_DEPRECATED_OBJC_IMPLEMENTATIONS = YES;
				CLANG_WARN_DIRECT_OBJC_ISA_USAGE = YES_ERROR;
				CLANG_WARN_DOCUMENTATION_COMMENTS = YES;
				CLANG_WARN_EMPTY_BODY = YES;
				CLANG_WARN_ENUM_CONVERSION = YES;
				CLANG_WARN_INFINITE_RECURSION = YES;
				CLANG_WARN_INT_CONVERSION = YES;
				CLANG_WARN_NON_LITERAL_NULL_CONVERSION = YES;
				CLANG_WARN_OBJC_IMPLICIT_RETAIN_SELF = YES;
				CLANG_WARN_OBJC_LITERAL_CONVERSION = YES;
				CLANG_WARN_OBJC_ROOT_CLASS = YES_ERROR;
				CLANG_WARN_QUOTED_INCLUDE_IN_FRAMEWORK_HEADER = YES;
				CLANG_WARN_RANGE_LOOP_ANALYSIS = YES;
				CLANG_WARN_STRICT_PROTOTYPES = YES;
				CLANG_WARN_SUSPICIOUS_MOVE = YES;
				CLANG_WARN_UNGUARDED_AVAILABILITY = YES_AGGRESSIVE;
				CLANG_WARN_UNREACHABLE_CODE = YES;
				CLANG_WARN__DUPLICATE_METHOD_MATCH = YES;
				CODE_SIGN_STYLE = Automatic;
				COPY_PHASE_STRIP = NO;
				CURRENT_PROJECT_VERSION = 1;
				DEBUG_INFORMATION_FORMAT = "dwarf-with-dsym";
				DEVELOPMENT_TEAM = MYU6NE7WY6;
				ENABLE_NS_ASSERTIONS = NO;
				ENABLE_STRICT_OBJC_MSGSEND = YES;
				ENABLE_USER_SCRIPT_SANDBOXING = YES;
				GCC_C_LANGUAGE_STANDARD = gnu17;
				GCC_NO_COMMON_BLOCKS = YES;
				GCC_WARN_64_TO_32_BIT_CONVERSION = YES;
				GCC_WARN_ABOUT_RETURN_TYPE = YES_ERROR;
				GCC_WARN_UNDECLARED_SELECTOR = YES;
				GCC_WARN_UNINITIALIZED_AUTOS = YES_AGGRESSIVE;
				GCC_WARN_UNUSED_FUNCTION = YES;
				GCC_WARN_UNUSED_VARIABLE = YES;
				GENERATE_INFOPLIST_FILE = YES;
				IPHONEOS_DEPLOYMENT_TARGET = 17.2;
				LOCALIZATION_PREFERS_STRING_CATALOGS = YES;
				MACOSX_DEPLOYMENT_TARGET = 13.6;
				MARKETING_VERSION = 1.0;
				MTL_ENABLE_DEBUG_INFO = NO;
				MTL_FAST_MATH = YES;
				PRODUCT_BUNDLE_IDENTIFIER = "org.appel-rockhold.MicroGISTests";
				PRODUCT_NAME = "$(TARGET_NAME)";
				SDKROOT = auto;
				SUPPORTED_PLATFORMS = "iphoneos iphonesimulator macosx";
				SWIFT_COMPILATION_MODE = wholemodule;
				SWIFT_EMIT_LOC_STRINGS = NO;
				SWIFT_VERSION = 5.0;
				TARGETED_DEVICE_FAMILY = "1,2";
				TEST_HOST = "$(BUILT_PRODUCTS_DIR)/MicroGIS.app/$(BUNDLE_EXECUTABLE_FOLDER_PATH)/MicroGIS";
			};
			name = Release;
		};
		2E9F90CA2C3765CC00171176 /* Debug */ = {
			isa = XCBuildConfiguration;
			buildSettings = {
				ALWAYS_EMBED_SWIFT_STANDARD_LIBRARIES = YES;
				ALWAYS_SEARCH_USER_PATHS = NO;
				ASSETCATALOG_COMPILER_GENERATE_SWIFT_ASSET_SYMBOL_EXTENSIONS = YES;
				CLANG_ANALYZER_NONNULL = YES;
				CLANG_ANALYZER_NUMBER_OBJECT_CONVERSION = YES_AGGRESSIVE;
				CLANG_CXX_LANGUAGE_STANDARD = "gnu++20";
				CLANG_ENABLE_MODULES = YES;
				CLANG_ENABLE_OBJC_ARC = YES;
				CLANG_ENABLE_OBJC_WEAK = YES;
				CLANG_WARN_BLOCK_CAPTURE_AUTORELEASING = YES;
				CLANG_WARN_BOOL_CONVERSION = YES;
				CLANG_WARN_COMMA = YES;
				CLANG_WARN_CONSTANT_CONVERSION = YES;
				CLANG_WARN_DEPRECATED_OBJC_IMPLEMENTATIONS = YES;
				CLANG_WARN_DIRECT_OBJC_ISA_USAGE = YES_ERROR;
				CLANG_WARN_DOCUMENTATION_COMMENTS = YES;
				CLANG_WARN_EMPTY_BODY = YES;
				CLANG_WARN_ENUM_CONVERSION = YES;
				CLANG_WARN_INFINITE_RECURSION = YES;
				CLANG_WARN_INT_CONVERSION = YES;
				CLANG_WARN_NON_LITERAL_NULL_CONVERSION = YES;
				CLANG_WARN_OBJC_IMPLICIT_RETAIN_SELF = YES;
				CLANG_WARN_OBJC_LITERAL_CONVERSION = YES;
				CLANG_WARN_OBJC_ROOT_CLASS = YES_ERROR;
				CLANG_WARN_QUOTED_INCLUDE_IN_FRAMEWORK_HEADER = YES;
				CLANG_WARN_RANGE_LOOP_ANALYSIS = YES;
				CLANG_WARN_STRICT_PROTOTYPES = YES;
				CLANG_WARN_SUSPICIOUS_MOVE = YES;
				CLANG_WARN_UNGUARDED_AVAILABILITY = YES_AGGRESSIVE;
				CLANG_WARN_UNREACHABLE_CODE = YES;
				CLANG_WARN__DUPLICATE_METHOD_MATCH = YES;
				CODE_SIGN_STYLE = Automatic;
				COPY_PHASE_STRIP = NO;
				CURRENT_PROJECT_VERSION = 1;
				DEBUG_INFORMATION_FORMAT = dwarf;
				DEVELOPMENT_TEAM = MYU6NE7WY6;
				ENABLE_STRICT_OBJC_MSGSEND = YES;
				ENABLE_TESTABILITY = YES;
				ENABLE_USER_SCRIPT_SANDBOXING = YES;
				GCC_C_LANGUAGE_STANDARD = gnu17;
				GCC_DYNAMIC_NO_PIC = NO;
				GCC_NO_COMMON_BLOCKS = YES;
				GCC_OPTIMIZATION_LEVEL = 0;
				GCC_PREPROCESSOR_DEFINITIONS = (
					"DEBUG=1",
					"$(inherited)",
				);
				GCC_WARN_64_TO_32_BIT_CONVERSION = YES;
				GCC_WARN_ABOUT_RETURN_TYPE = YES_ERROR;
				GCC_WARN_UNDECLARED_SELECTOR = YES;
				GCC_WARN_UNINITIALIZED_AUTOS = YES_AGGRESSIVE;
				GCC_WARN_UNUSED_FUNCTION = YES;
				GCC_WARN_UNUSED_VARIABLE = YES;
				GENERATE_INFOPLIST_FILE = YES;
				IPHONEOS_DEPLOYMENT_TARGET = 17.2;
				LOCALIZATION_PREFERS_STRING_CATALOGS = YES;
				MACOSX_DEPLOYMENT_TARGET = 13.6;
				MARKETING_VERSION = 1.0;
				MTL_ENABLE_DEBUG_INFO = INCLUDE_SOURCE;
				MTL_FAST_MATH = YES;
				ONLY_ACTIVE_ARCH = YES;
				PRODUCT_BUNDLE_IDENTIFIER = "org.appel-rockhold.MicroGISUITests";
				PRODUCT_NAME = "$(TARGET_NAME)";
				SDKROOT = auto;
				SUPPORTED_PLATFORMS = "iphoneos iphonesimulator macosx";
				SWIFT_ACTIVE_COMPILATION_CONDITIONS = "DEBUG $(inherited)";
				SWIFT_EMIT_LOC_STRINGS = NO;
				SWIFT_OPTIMIZATION_LEVEL = "-Onone";
				SWIFT_VERSION = 5.0;
				TARGETED_DEVICE_FAMILY = "1,2";
				TEST_TARGET_NAME = MicroGIS;
			};
			name = Debug;
		};
		2E9F90CB2C3765CC00171176 /* Release */ = {
			isa = XCBuildConfiguration;
			buildSettings = {
				ALWAYS_EMBED_SWIFT_STANDARD_LIBRARIES = YES;
				ALWAYS_SEARCH_USER_PATHS = NO;
				ASSETCATALOG_COMPILER_GENERATE_SWIFT_ASSET_SYMBOL_EXTENSIONS = YES;
				CLANG_ANALYZER_NONNULL = YES;
				CLANG_ANALYZER_NUMBER_OBJECT_CONVERSION = YES_AGGRESSIVE;
				CLANG_CXX_LANGUAGE_STANDARD = "gnu++20";
				CLANG_ENABLE_MODULES = YES;
				CLANG_ENABLE_OBJC_ARC = YES;
				CLANG_ENABLE_OBJC_WEAK = YES;
				CLANG_WARN_BLOCK_CAPTURE_AUTORELEASING = YES;
				CLANG_WARN_BOOL_CONVERSION = YES;
				CLANG_WARN_COMMA = YES;
				CLANG_WARN_CONSTANT_CONVERSION = YES;
				CLANG_WARN_DEPRECATED_OBJC_IMPLEMENTATIONS = YES;
				CLANG_WARN_DIRECT_OBJC_ISA_USAGE = YES_ERROR;
				CLANG_WARN_DOCUMENTATION_COMMENTS = YES;
				CLANG_WARN_EMPTY_BODY = YES;
				CLANG_WARN_ENUM_CONVERSION = YES;
				CLANG_WARN_INFINITE_RECURSION = YES;
				CLANG_WARN_INT_CONVERSION = YES;
				CLANG_WARN_NON_LITERAL_NULL_CONVERSION = YES;
				CLANG_WARN_OBJC_IMPLICIT_RETAIN_SELF = YES;
				CLANG_WARN_OBJC_LITERAL_CONVERSION = YES;
				CLANG_WARN_OBJC_ROOT_CLASS = YES_ERROR;
				CLANG_WARN_QUOTED_INCLUDE_IN_FRAMEWORK_HEADER = YES;
				CLANG_WARN_RANGE_LOOP_ANALYSIS = YES;
				CLANG_WARN_STRICT_PROTOTYPES = YES;
				CLANG_WARN_SUSPICIOUS_MOVE = YES;
				CLANG_WARN_UNGUARDED_AVAILABILITY = YES_AGGRESSIVE;
				CLANG_WARN_UNREACHABLE_CODE = YES;
				CLANG_WARN__DUPLICATE_METHOD_MATCH = YES;
				CODE_SIGN_STYLE = Automatic;
				COPY_PHASE_STRIP = NO;
				CURRENT_PROJECT_VERSION = 1;
				DEBUG_INFORMATION_FORMAT = "dwarf-with-dsym";
				DEVELOPMENT_TEAM = MYU6NE7WY6;
				ENABLE_NS_ASSERTIONS = NO;
				ENABLE_STRICT_OBJC_MSGSEND = YES;
				ENABLE_USER_SCRIPT_SANDBOXING = YES;
				GCC_C_LANGUAGE_STANDARD = gnu17;
				GCC_NO_COMMON_BLOCKS = YES;
				GCC_WARN_64_TO_32_BIT_CONVERSION = YES;
				GCC_WARN_ABOUT_RETURN_TYPE = YES_ERROR;
				GCC_WARN_UNDECLARED_SELECTOR = YES;
				GCC_WARN_UNINITIALIZED_AUTOS = YES_AGGRESSIVE;
				GCC_WARN_UNUSED_FUNCTION = YES;
				GCC_WARN_UNUSED_VARIABLE = YES;
				GENERATE_INFOPLIST_FILE = YES;
				IPHONEOS_DEPLOYMENT_TARGET = 17.2;
				LOCALIZATION_PREFERS_STRING_CATALOGS = YES;
				MACOSX_DEPLOYMENT_TARGET = 13.6;
				MARKETING_VERSION = 1.0;
				MTL_ENABLE_DEBUG_INFO = NO;
				MTL_FAST_MATH = YES;
				PRODUCT_BUNDLE_IDENTIFIER = "org.appel-rockhold.MicroGISUITests";
				PRODUCT_NAME = "$(TARGET_NAME)";
				SDKROOT = auto;
				SUPPORTED_PLATFORMS = "iphoneos iphonesimulator macosx";
				SWIFT_COMPILATION_MODE = wholemodule;
				SWIFT_EMIT_LOC_STRINGS = NO;
				SWIFT_VERSION = 5.0;
				TARGETED_DEVICE_FAMILY = "1,2";
				TEST_TARGET_NAME = MicroGIS;
			};
			name = Release;
		};
		2ECCEB032A9436C4005785FA /* Debug */ = {
			isa = XCBuildConfiguration;
			baseConfigurationReference = 2EACC03B2BE9528B00A7F91A /* MicroGIS-Debug.xcconfig */;
			buildSettings = {
				IPHONEOS_DEPLOYMENT_TARGET = 16.6;
				MACOSX_DEPLOYMENT_TARGET = 13.5;
			};
			name = Debug;
		};
		2ECCEB042A9436C4005785FA /* Release */ = {
			isa = XCBuildConfiguration;
			baseConfigurationReference = 2EACC0392BE9528B00A7F91A /* MicroGIS-Release.xcconfig */;
			buildSettings = {
				IPHONEOS_DEPLOYMENT_TARGET = 16.6;
				MACOSX_DEPLOYMENT_TARGET = 13.5;
			};
			name = Release;
		};
/* End XCBuildConfiguration section */

/* Begin XCConfigurationList section */
		2E9F90C32C3765CC00171176 /* Build configuration list for PBXNativeTarget "MicroGIS" */ = {
			isa = XCConfigurationList;
			buildConfigurations = (
				2E9F90C42C3765CC00171176 /* Debug */,
				2E9F90C52C3765CC00171176 /* Release */,
			);
			defaultConfigurationIsVisible = 0;
			defaultConfigurationName = Release;
		};
		2E9F90C62C3765CC00171176 /* Build configuration list for PBXNativeTarget "MicroGISTests" */ = {
			isa = XCConfigurationList;
			buildConfigurations = (
				2E9F90C72C3765CC00171176 /* Debug */,
				2E9F90C82C3765CC00171176 /* Release */,
			);
			defaultConfigurationIsVisible = 0;
			defaultConfigurationName = Release;
		};
		2E9F90C92C3765CC00171176 /* Build configuration list for PBXNativeTarget "MicroGISUITests" */ = {
			isa = XCConfigurationList;
			buildConfigurations = (
				2E9F90CA2C3765CC00171176 /* Debug */,
				2E9F90CB2C3765CC00171176 /* Release */,
			);
			defaultConfigurationIsVisible = 0;
			defaultConfigurationName = Release;
		};
		2ECCEAEB2A9436C0005785FA /* Build configuration list for PBXProject "MicroGIS" */ = {
			isa = XCConfigurationList;
			buildConfigurations = (
				2ECCEB032A9436C4005785FA /* Debug */,
				2ECCEB042A9436C4005785FA /* Release */,
			);
			defaultConfigurationIsVisible = 0;
			defaultConfigurationName = Release;
		};
/* End XCConfigurationList section */

/* Begin XCRemoteSwiftPackageReference section */
		2E2045CD2C559C0600FF0BFF /* XCRemoteSwiftPackageReference "SplitView" */ = {
			isa = XCRemoteSwiftPackageReference;
			repositoryURL = "https://github.com/stevengharris/SplitView.git";
			requirement = {
				kind = upToNextMajorVersion;
				minimumVersion = 3.5.3;
			};
		};
		2EF569F32BCF2F4E00964F85 /* XCRemoteSwiftPackageReference "BinaryCodable" */ = {
			isa = XCRemoteSwiftPackageReference;
			repositoryURL = "https://github.com/christophhagen/BinaryCodable";
			requirement = {
				kind = upToNextMajorVersion;
				minimumVersion = 3.0.3;
			};
		};
/* End XCRemoteSwiftPackageReference section */

/* Begin XCSwiftPackageProductDependency section */
		2E2045CE2C560AAF00FF0BFF /* SplitView */ = {
			isa = XCSwiftPackageProductDependency;
			package = 2E2045CD2C559C0600FF0BFF /* XCRemoteSwiftPackageReference "SplitView" */;
			productName = SplitView;
		};
		2E9F90E42C377BD700171176 /* BinaryCodable */ = {
			isa = XCSwiftPackageProductDependency;
			package = 2EF569F32BCF2F4E00964F85 /* XCRemoteSwiftPackageReference "BinaryCodable" */;
			productName = BinaryCodable;
		};
/* End XCSwiftPackageProductDependency section */

/* Begin XCVersionGroup section */
		2EF569E62BCF133700964F85 /* MicroGIS.xcdatamodeld */ = {
			isa = XCVersionGroup;
			children = (
				2EF569E72BCF133800964F85 /* Document.xcdatamodel */,
			);
			currentVersion = 2EF569E72BCF133800964F85 /* Document.xcdatamodel */;
			path = MicroGIS.xcdatamodeld;
			sourceTree = "<group>";
			versionGroupType = wrapper.xcdatamodel;
		};
/* End XCVersionGroup section */
	};
	rootObject = 2ECCEAE82A9436C0005785FA /* Project object */;
}
