{
  "pins" : [
    {
      "identity" : "binarycodable",
      "kind" : "remoteSourceControl",
      "location" : "https://github.com/christophhagen/BinaryCodable",
      "state" : {
        "revision" : "28804e7ffb656e53949cb0713691fb53aed26fe1",
        "version" : "2.0.1"
      }
    }
  ],
  "version" : 2
}
